
Microsoft Visual Studio Solution File, Format Version 12.00
# Visual Studio Version 17
VisualStudioVersion = 17.2.32630.192
MinimumVisualStudioVersion = 10.0.40219.1
Project("{FAE04EC0-301F-11D3-BF4B-00C04F79EFBC}") = "R5T.B0006.X0006.Construction", "R5T.B0006.X0006.Construction\R5T.B0006.X0006.Construction.csproj", "{BBCBF262-345A-4D79-9370-DB3FE0692640}"
EndProject
Project("{FAE04EC0-301F-11D3-BF4B-00C04F79EFBC}") = "R5T.B0006.X0006", "R5T.B0006.X0006\R5T.B0006.X0006.csproj", "{EDCCB07A-EAAC-4BD4-BF30-E89E90BB441E}"
EndProject
Project("{2150E333-8FDC-42A3-9474-1A3956D46DE8}") = "_Dependencies", "_Dependencies", "{298DD43B-6BB6-4AC8-A053-541605E7B3EB}"
EndProject
Project("{9A19103F-16F7-4668-BE54-9A1E7A4F7556}") = "R5T.B0006", "..\..\R5T.B0006\source\R5T.B0006\R5T.B0006.csproj", "{39A3AD53-6824-4B95-A4C0-1B509B55D7E7}"
EndProject
Project("{9A19103F-16F7-4668-BE54-9A1E7A4F7556}") = "R5T.F0000", "..\..\R5T.F0000\source\R5T.F0000\R5T.F0000.csproj", "{705E343B-29C7-4D83-A17F-480E42BC0A68}"
EndProject
Project("{9A19103F-16F7-4668-BE54-9A1E7A4F7556}") = "R5T.F0003", "..\..\R5T.F0003\source\R5T.F0003\R5T.F0003.csproj", "{38517B75-1AAA-4C90-AAD1-68C3A1C7ADFB}"
EndProject
Project("{9A19103F-16F7-4668-BE54-9A1E7A4F7556}") = "R5T.F0004", "..\..\R5T.F0004\source\R5T.F0004\R5T.F0004.csproj", "{8B75BDB3-A11E-4707-971E-3D2F2FE99268}"
EndProject
Project("{9A19103F-16F7-4668-BE54-9A1E7A4F7556}") = "R5T.F0005", "..\..\R5T.F0005\source\R5T.F0005\R5T.F0005.csproj", "{5B5834AD-E65E-4655-BFC5-30168A65CA98}"
EndProject
Project("{9A19103F-16F7-4668-BE54-9A1E7A4F7556}") = "R5T.F0006", "..\..\R5T.F0006\source\R5T.F0006\R5T.F0006.csproj", "{86721307-118E-4F40-A7B4-E8D82112DEAE}"
EndProject
Project("{9A19103F-16F7-4668-BE54-9A1E7A4F7556}") = "R5T.F0007", "..\..\R5T.F0007\source\R5T.F0007\R5T.F0007.csproj", "{EF85C4B2-4467-4388-8D42-DBA157594A31}"
EndProject
Project("{9A19103F-16F7-4668-BE54-9A1E7A4F7556}") = "R5T.F0008", "..\..\R5T.F0008\source\R5T.F0008\R5T.F0008.csproj", "{75537E81-3853-4F19-90CF-AC2FA22ADA0D}"
EndProject
Project("{9A19103F-16F7-4668-BE54-9A1E7A4F7556}") = "R5T.F0009", "..\..\R5T.F0009\source\R5T.F0009\R5T.F0009.csproj", "{254E17FA-F4B4-44D4-8007-BCC8E74CA295}"
EndProject
Project("{9A19103F-16F7-4668-BE54-9A1E7A4F7556}") = "R5T.F0013", "..\..\R5T.F0013\source\R5T.F0013\R5T.F0013.csproj", "{F6922236-98F9-4EB4-BC17-6C935F26C503}"
EndProject
Project("{9A19103F-16F7-4668-BE54-9A1E7A4F7556}") = "R5T.F0021", "..\..\R5T.F0021\source\R5T.F0021\R5T.F0021.csproj", "{D66A5520-170D-4F51-8DCD-E3E777C07550}"
EndProject
Project("{9A19103F-16F7-4668-BE54-9A1E7A4F7556}") = "R5T.F0022", "..\..\R5T.F0022\source\R5T.F0022\R5T.F0022.csproj", "{1745D00C-6D72-481A-A11A-5FE5ABEB8C45}"
EndProject
Project("{9A19103F-16F7-4668-BE54-9A1E7A4F7556}") = "R5T.F0023", "..\..\R5T.F0023\source\R5T.F0023\R5T.F0023.csproj", "{D61BFCB4-E021-4201-B774-2CAD44C2AABF}"
EndProject
Project("{9A19103F-16F7-4668-BE54-9A1E7A4F7556}") = "R5T.L0011", "..\..\R5T.L0011\source\R5T.L0011\R5T.L0011.csproj", "{D6A0C936-424D-41F1-9538-AD089F18FEC8}"
EndProject
Project("{9A19103F-16F7-4668-BE54-9A1E7A4F7556}") = "R5T.Magyar", "..\..\R5T.Magyar\source\R5T.Magyar\R5T.Magyar.csproj", "{8269BF1C-852C-46B3-BA25-80112ACCA643}"
EndProject
Project("{9A19103F-16F7-4668-BE54-9A1E7A4F7556}") = "R5T.T0039.T002", "..\..\R5T.T0039\source\R5T.T0039.T002\R5T.T0039.T002.csproj", "{A5589317-D677-413A-A101-5B6116999092}"
EndProject
Project("{9A19103F-16F7-4668-BE54-9A1E7A4F7556}") = "R5T.T0129", "..\..\R5T.T0129\source\R5T.T0129\R5T.T0129.csproj", "{B7E3B320-F42F-4B3B-819B-27B88078FC8E}"
EndProject
Project("{9A19103F-16F7-4668-BE54-9A1E7A4F7556}") = "R5T.T0131", "..\..\R5T.T0131\source\R5T.T0131\R5T.T0131.csproj", "{E0249585-4986-4D1E-A5F0-0EED00CD24BD}"
EndProject
Project("{9A19103F-16F7-4668-BE54-9A1E7A4F7556}") = "R5T.T0132", "..\..\R5T.T0132\source\R5T.T0132\R5T.T0132.csproj", "{ABDE7466-73DE-4C76-B154-EDD5BBE72A65}"
EndProject
Project("{9A19103F-16F7-4668-BE54-9A1E7A4F7556}") = "R5T.T0134", "..\..\R5T.T0134\source\R5T.T0134\R5T.T0134.csproj", "{2CFC5FF7-2A31-429F-8621-EB688E6B4B2E}"
EndProject
Project("{9A19103F-16F7-4668-BE54-9A1E7A4F7556}") = "R5T.T0135", "..\..\R5T.T0135\source\R5T.T0135\R5T.T0135.csproj", "{29F50DCD-66F8-4DB6-928E-971C6D7679CC}"
EndProject
Project("{9A19103F-16F7-4668-BE54-9A1E7A4F7556}") = "R5T.T0136", "..\..\R5T.T0136\source\R5T.T0136\R5T.T0136.csproj", "{3816EACB-3903-430A-A641-A7DBA1DFF072}"
EndProject
Project("{9A19103F-16F7-4668-BE54-9A1E7A4F7556}") = "R5T.T0138", "..\..\R5T.T0138\source\R5T.T0138\R5T.T0138.csproj", "{FB7F2A4E-A320-42E2-ABCD-A62B085D8B26}"
EndProject
Project("{9A19103F-16F7-4668-BE54-9A1E7A4F7556}") = "R5T.T0142", "..\..\R5T.T0142\source\R5T.T0142\R5T.T0142.csproj", "{6F6689A3-4D8F-4AE8-AC81-513604D1A6E7}"
EndProject
Project("{9A19103F-16F7-4668-BE54-9A1E7A4F7556}") = "R5T.T0143", "..\..\R5T.T0143\source\R5T.T0143\R5T.T0143.csproj", "{896BE83E-AD6A-43F0-A4A0-23787025CDED}"
EndProject
Project("{9A19103F-16F7-4668-BE54-9A1E7A4F7556}") = "R5T.T0156", "..\..\R5T.T0156\source\R5T.T0156\R5T.T0156.csproj", "{479F2B94-0F08-4BDC-BACA-528076F8F491}"
EndProject
Project("{9A19103F-16F7-4668-BE54-9A1E7A4F7556}") = "R5T.X0005", "..\..\R5T.X0005\source\R5T.X0005\R5T.X0005.csproj", "{022536FA-5098-4048-AD3E-3F0D1884DF18}"
EndProject
Project("{9A19103F-16F7-4668-BE54-9A1E7A4F7556}") = "R5T.X0009", "..\..\R5T.X0009\source\R5T.X0009\R5T.X0009.csproj", "{66937747-2C82-430D-B11F-71EC2E21E643}"
EndProject
Project("{9A19103F-16F7-4668-BE54-9A1E7A4F7556}") = "R5T.Y0000", "..\..\R5T.Y0000\source\R5T.Y0000\R5T.Y0000.csproj", "{BE8DAD29-5261-4FBE-B3DE-985BC3207F13}"
EndProject
Project("{9A19103F-16F7-4668-BE54-9A1E7A4F7556}") = "R5T.Z0000", "..\..\R5T.Z0000\source\R5T.Z0000\R5T.Z0000.csproj", "{405F0B25-0827-47CE-A618-30DCF2B868FB}"
EndProject
Project("{9A19103F-16F7-4668-BE54-9A1E7A4F7556}") = "R5T.Z0002", "..\..\R5T.Z0002\source\R5T.Z0002\R5T.Z0002.csproj", "{DB4DCF13-B52C-43BD-8137-5859DA177230}"
EndProject
Project("{9A19103F-16F7-4668-BE54-9A1E7A4F7556}") = "R5T.Z0003", "..\..\R5T.Z0003\source\R5T.Z0003\R5T.Z0003.csproj", "{C0AD1058-C412-4CC6-B3D3-C06E66C3F93A}"
EndProject
Global
	GlobalSection(NestedProjects) = preSolution
		{39A3AD53-6824-4B95-A4C0-1B509B55D7E7} = {298DD43B-6BB6-4AC8-A053-541605E7B3EB}
		{705E343B-29C7-4D83-A17F-480E42BC0A68} = {298DD43B-6BB6-4AC8-A053-541605E7B3EB}
		{38517B75-1AAA-4C90-AAD1-68C3A1C7ADFB} = {298DD43B-6BB6-4AC8-A053-541605E7B3EB}
		{8B75BDB3-A11E-4707-971E-3D2F2FE99268} = {298DD43B-6BB6-4AC8-A053-541605E7B3EB}
		{5B5834AD-E65E-4655-BFC5-30168A65CA98} = {298DD43B-6BB6-4AC8-A053-541605E7B3EB}
		{86721307-118E-4F40-A7B4-E8D82112DEAE} = {298DD43B-6BB6-4AC8-A053-541605E7B3EB}
		{EF85C4B2-4467-4388-8D42-DBA157594A31} = {298DD43B-6BB6-4AC8-A053-541605E7B3EB}
		{75537E81-3853-4F19-90CF-AC2FA22ADA0D} = {298DD43B-6BB6-4AC8-A053-541605E7B3EB}
		{254E17FA-F4B4-44D4-8007-BCC8E74CA295} = {298DD43B-6BB6-4AC8-A053-541605E7B3EB}
		{F6922236-98F9-4EB4-BC17-6C935F26C503} = {298DD43B-6BB6-4AC8-A053-541605E7B3EB}
		{D66A5520-170D-4F51-8DCD-E3E777C07550} = {298DD43B-6BB6-4AC8-A053-541605E7B3EB}
		{1745D00C-6D72-481A-A11A-5FE5ABEB8C45} = {298DD43B-6BB6-4AC8-A053-541605E7B3EB}
		{D61BFCB4-E021-4201-B774-2CAD44C2AABF} = {298DD43B-6BB6-4AC8-A053-541605E7B3EB}
		{D6A0C936-424D-41F1-9538-AD089F18FEC8} = {298DD43B-6BB6-4AC8-A053-541605E7B3EB}
		{8269BF1C-852C-46B3-BA25-80112ACCA643} = {298DD43B-6BB6-4AC8-A053-541605E7B3EB}
		{A5589317-D677-413A-A101-5B6116999092} = {298DD43B-6BB6-4AC8-A053-541605E7B3EB}
		{B7E3B320-F42F-4B3B-819B-27B88078FC8E} = {298DD43B-6BB6-4AC8-A053-541605E7B3EB}
		{E0249585-4986-4D1E-A5F0-0EED00CD24BD} = {298DD43B-6BB6-4AC8-A053-541605E7B3EB}
		{ABDE7466-73DE-4C76-B154-EDD5BBE72A65} = {298DD43B-6BB6-4AC8-A053-541605E7B3EB}
		{2CFC5FF7-2A31-429F-8621-EB688E6B4B2E} = {298DD43B-6BB6-4AC8-A053-541605E7B3EB}
		{29F50DCD-66F8-4DB6-928E-971C6D7679CC} = {298DD43B-6BB6-4AC8-A053-541605E7B3EB}
		{3816EACB-3903-430A-A641-A7DBA1DFF072} = {298DD43B-6BB6-4AC8-A053-541605E7B3EB}
		{FB7F2A4E-A320-42E2-ABCD-A62B085D8B26} = {298DD43B-6BB6-4AC8-A053-541605E7B3EB}
		{6F6689A3-4D8F-4AE8-AC81-513604D1A6E7} = {298DD43B-6BB6-4AC8-A053-541605E7B3EB}
		{896BE83E-AD6A-43F0-A4A0-23787025CDED} = {298DD43B-6BB6-4AC8-A053-541605E7B3EB}
		{479F2B94-0F08-4BDC-BACA-528076F8F491} = {298DD43B-6BB6-4AC8-A053-541605E7B3EB}
		{022536FA-5098-4048-AD3E-3F0D1884DF18} = {298DD43B-6BB6-4AC8-A053-541605E7B3EB}
		{66937747-2C82-430D-B11F-71EC2E21E643} = {298DD43B-6BB6-4AC8-A053-541605E7B3EB}
		{BE8DAD29-5261-4FBE-B3DE-985BC3207F13} = {298DD43B-6BB6-4AC8-A053-541605E7B3EB}
		{405F0B25-0827-47CE-A618-30DCF2B868FB} = {298DD43B-6BB6-4AC8-A053-541605E7B3EB}
		{DB4DCF13-B52C-43BD-8137-5859DA177230} = {298DD43B-6BB6-4AC8-A053-541605E7B3EB}
		{C0AD1058-C412-4CC6-B3D3-C06E66C3F93A} = {298DD43B-6BB6-4AC8-A053-541605E7B3EB}
	EndGlobalSection
	GlobalSection(SolutionConfigurationPlatforms) = preSolution
		Debug|Any CPU = Debug|Any CPU
		Debug|x64 = Debug|x64
		Debug|x86 = Debug|x86
		Release|Any CPU = Release|Any CPU
		Release|x64 = Release|x64
		Release|x86 = Release|x86
	EndGlobalSection
	GlobalSection(ProjectConfigurationPlatforms) = postSolution
		{BBCBF262-345A-4D79-9370-DB3FE0692640}.Debug|Any CPU.ActiveCfg = Debug|Any CPU
		{BBCBF262-345A-4D79-9370-DB3FE0692640}.Debug|Any CPU.Build.0 = Debug|Any CPU
		{BBCBF262-345A-4D79-9370-DB3FE0692640}.Debug|x64.ActiveCfg = Debug|Any CPU
		{BBCBF262-345A-4D79-9370-DB3FE0692640}.Debug|x64.Build.0 = Debug|Any CPU
		{BBCBF262-345A-4D79-9370-DB3FE0692640}.Debug|x86.ActiveCfg = Debug|Any CPU
		{BBCBF262-345A-4D79-9370-DB3FE0692640}.Debug|x86.Build.0 = Debug|Any CPU
		{BBCBF262-345A-4D79-9370-DB3FE0692640}.Release|Any CPU.ActiveCfg = Release|Any CPU
		{BBCBF262-345A-4D79-9370-DB3FE0692640}.Release|Any CPU.Build.0 = Release|Any CPU
		{BBCBF262-345A-4D79-9370-DB3FE0692640}.Release|x64.ActiveCfg = Release|Any CPU
		{BBCBF262-345A-4D79-9370-DB3FE0692640}.Release|x64.Build.0 = Release|Any CPU
		{BBCBF262-345A-4D79-9370-DB3FE0692640}.Release|x86.ActiveCfg = Release|Any CPU
		{BBCBF262-345A-4D79-9370-DB3FE0692640}.Release|x86.Build.0 = Release|Any CPU
		{EDCCB07A-EAAC-4BD4-BF30-E89E90BB441E}.Debug|Any CPU.ActiveCfg = Debug|Any CPU
		{EDCCB07A-EAAC-4BD4-BF30-E89E90BB441E}.Debug|Any CPU.Build.0 = Debug|Any CPU
		{EDCCB07A-EAAC-4BD4-BF30-E89E90BB441E}.Debug|x64.ActiveCfg = Debug|Any CPU
		{EDCCB07A-EAAC-4BD4-BF30-E89E90BB441E}.Debug|x64.Build.0 = Debug|Any CPU
		{EDCCB07A-EAAC-4BD4-BF30-E89E90BB441E}.Debug|x86.ActiveCfg = Debug|Any CPU
		{EDCCB07A-EAAC-4BD4-BF30-E89E90BB441E}.Debug|x86.Build.0 = Debug|Any CPU
		{EDCCB07A-EAAC-4BD4-BF30-E89E90BB441E}.Release|Any CPU.ActiveCfg = Release|Any CPU
		{EDCCB07A-EAAC-4BD4-BF30-E89E90BB441E}.Release|Any CPU.Build.0 = Release|Any CPU
		{EDCCB07A-EAAC-4BD4-BF30-E89E90BB441E}.Release|x64.ActiveCfg = Release|Any CPU
		{EDCCB07A-EAAC-4BD4-BF30-E89E90BB441E}.Release|x64.Build.0 = Release|Any CPU
		{EDCCB07A-EAAC-4BD4-BF30-E89E90BB441E}.Release|x86.ActiveCfg = Release|Any CPU
		{EDCCB07A-EAAC-4BD4-BF30-E89E90BB441E}.Release|x86.Build.0 = Release|Any CPU
		{39A3AD53-6824-4B95-A4C0-1B509B55D7E7}.Debug|Any CPU.ActiveCfg = Debug|Any CPU
		{39A3AD53-6824-4B95-A4C0-1B509B55D7E7}.Debug|Any CPU.Build.0 = Debug|Any CPU
		{39A3AD53-6824-4B95-A4C0-1B509B55D7E7}.Debug|x64.ActiveCfg = Debug|Any CPU
		{39A3AD53-6824-4B95-A4C0-1B509B55D7E7}.Debug|x64.Build.0 = Debug|Any CPU
		{39A3AD53-6824-4B95-A4C0-1B509B55D7E7}.Debug|x86.ActiveCfg = Debug|Any CPU
		{39A3AD53-6824-4B95-A4C0-1B509B55D7E7}.Debug|x86.Build.0 = Debug|Any CPU
		{39A3AD53-6824-4B95-A4C0-1B509B55D7E7}.Release|Any CPU.ActiveCfg = Release|Any CPU
		{39A3AD53-6824-4B95-A4C0-1B509B55D7E7}.Release|Any CPU.Build.0 = Release|Any CPU
		{39A3AD53-6824-4B95-A4C0-1B509B55D7E7}.Release|x64.ActiveCfg = Release|Any CPU
		{39A3AD53-6824-4B95-A4C0-1B509B55D7E7}.Release|x64.Build.0 = Release|Any CPU
		{39A3AD53-6824-4B95-A4C0-1B509B55D7E7}.Release|x86.ActiveCfg = Release|Any CPU
		{39A3AD53-6824-4B95-A4C0-1B509B55D7E7}.Release|x86.Build.0 = Release|Any CPU
		{705E343B-29C7-4D83-A17F-480E42BC0A68}.Debug|Any CPU.ActiveCfg = Debug|Any CPU
		{705E343B-29C7-4D83-A17F-480E42BC0A68}.Debug|Any CPU.Build.0 = Debug|Any CPU
		{705E343B-29C7-4D83-A17F-480E42BC0A68}.Debug|x64.ActiveCfg = Debug|Any CPU
		{705E343B-29C7-4D83-A17F-480E42BC0A68}.Debug|x64.Build.0 = Debug|Any CPU
		{705E343B-29C7-4D83-A17F-480E42BC0A68}.Debug|x86.ActiveCfg = Debug|Any CPU
		{705E343B-29C7-4D83-A17F-480E42BC0A68}.Debug|x86.Build.0 = Debug|Any CPU
		{705E343B-29C7-4D83-A17F-480E42BC0A68}.Release|Any CPU.ActiveCfg = Release|Any CPU
		{705E343B-29C7-4D83-A17F-480E42BC0A68}.Release|Any CPU.Build.0 = Release|Any CPU
		{705E343B-29C7-4D83-A17F-480E42BC0A68}.Release|x64.ActiveCfg = Release|Any CPU
		{705E343B-29C7-4D83-A17F-480E42BC0A68}.Release|x64.Build.0 = Release|Any CPU
		{705E343B-29C7-4D83-A17F-480E42BC0A68}.Release|x86.ActiveCfg = Release|Any CPU
		{705E343B-29C7-4D83-A17F-480E42BC0A68}.Release|x86.Build.0 = Release|Any CPU
		{38517B75-1AAA-4C90-AAD1-68C3A1C7ADFB}.Debug|Any CPU.ActiveCfg = Debug|Any CPU
		{38517B75-1AAA-4C90-AAD1-68C3A1C7ADFB}.Debug|Any CPU.Build.0 = Debug|Any CPU
		{38517B75-1AAA-4C90-AAD1-68C3A1C7ADFB}.Debug|x64.ActiveCfg = Debug|Any CPU
		{38517B75-1AAA-4C90-AAD1-68C3A1C7ADFB}.Debug|x64.Build.0 = Debug|Any CPU
		{38517B75-1AAA-4C90-AAD1-68C3A1C7ADFB}.Debug|x86.ActiveCfg = Debug|Any CPU
		{38517B75-1AAA-4C90-AAD1-68C3A1C7ADFB}.Debug|x86.Build.0 = Debug|Any CPU
		{38517B75-1AAA-4C90-AAD1-68C3A1C7ADFB}.Release|Any CPU.ActiveCfg = Release|Any CPU
		{38517B75-1AAA-4C90-AAD1-68C3A1C7ADFB}.Release|Any CPU.Build.0 = Release|Any CPU
		{38517B75-1AAA-4C90-AAD1-68C3A1C7ADFB}.Release|x64.ActiveCfg = Release|Any CPU
		{38517B75-1AAA-4C90-AAD1-68C3A1C7ADFB}.Release|x64.Build.0 = Release|Any CPU
		{38517B75-1AAA-4C90-AAD1-68C3A1C7ADFB}.Release|x86.ActiveCfg = Release|Any CPU
		{38517B75-1AAA-4C90-AAD1-68C3A1C7ADFB}.Release|x86.Build.0 = Release|Any CPU
		{8B75BDB3-A11E-4707-971E-3D2F2FE99268}.Debug|Any CPU.ActiveCfg = Debug|Any CPU
		{8B75BDB3-A11E-4707-971E-3D2F2FE99268}.Debug|Any CPU.Build.0 = Debug|Any CPU
		{8B75BDB3-A11E-4707-971E-3D2F2FE99268}.Debug|x64.ActiveCfg = Debug|Any CPU
		{8B75BDB3-A11E-4707-971E-3D2F2FE99268}.Debug|x64.Build.0 = Debug|Any CPU
		{8B75BDB3-A11E-4707-971E-3D2F2FE99268}.Debug|x86.ActiveCfg = Debug|Any CPU
		{8B75BDB3-A11E-4707-971E-3D2F2FE99268}.Debug|x86.Build.0 = Debug|Any CPU
		{8B75BDB3-A11E-4707-971E-3D2F2FE99268}.Release|Any CPU.ActiveCfg = Release|Any CPU
		{8B75BDB3-A11E-4707-971E-3D2F2FE99268}.Release|Any CPU.Build.0 = Release|Any CPU
		{8B75BDB3-A11E-4707-971E-3D2F2FE99268}.Release|x64.ActiveCfg = Release|Any CPU
		{8B75BDB3-A11E-4707-971E-3D2F2FE99268}.Release|x64.Build.0 = Release|Any CPU
		{8B75BDB3-A11E-4707-971E-3D2F2FE99268}.Release|x86.ActiveCfg = Release|Any CPU
		{8B75BDB3-A11E-4707-971E-3D2F2FE99268}.Release|x86.Build.0 = Release|Any CPU
		{5B5834AD-E65E-4655-BFC5-30168A65CA98}.Debug|Any CPU.ActiveCfg = Debug|Any CPU
		{5B5834AD-E65E-4655-BFC5-30168A65CA98}.Debug|Any CPU.Build.0 = Debug|Any CPU
		{5B5834AD-E65E-4655-BFC5-30168A65CA98}.Debug|x64.ActiveCfg = Debug|Any CPU
		{5B5834AD-E65E-4655-BFC5-30168A65CA98}.Debug|x64.Build.0 = Debug|Any CPU
		{5B5834AD-E65E-4655-BFC5-30168A65CA98}.Debug|x86.ActiveCfg = Debug|Any CPU
		{5B5834AD-E65E-4655-BFC5-30168A65CA98}.Debug|x86.Build.0 = Debug|Any CPU
		{5B5834AD-E65E-4655-BFC5-30168A65CA98}.Release|Any CPU.ActiveCfg = Release|Any CPU
		{5B5834AD-E65E-4655-BFC5-30168A65CA98}.Release|Any CPU.Build.0 = Release|Any CPU
		{5B5834AD-E65E-4655-BFC5-30168A65CA98}.Release|x64.ActiveCfg = Release|Any CPU
		{5B5834AD-E65E-4655-BFC5-30168A65CA98}.Release|x64.Build.0 = Release|Any CPU
		{5B5834AD-E65E-4655-BFC5-30168A65CA98}.Release|x86.ActiveCfg = Release|Any CPU
		{5B5834AD-E65E-4655-BFC5-30168A65CA98}.Release|x86.Build.0 = Release|Any CPU
		{86721307-118E-4F40-A7B4-E8D82112DEAE}.Debug|Any CPU.ActiveCfg = Debug|Any CPU
		{86721307-118E-4F40-A7B4-E8D82112DEAE}.Debug|Any CPU.Build.0 = Debug|Any CPU
		{86721307-118E-4F40-A7B4-E8D82112DEAE}.Debug|x64.ActiveCfg = Debug|Any CPU
		{86721307-118E-4F40-A7B4-E8D82112DEAE}.Debug|x64.Build.0 = Debug|Any CPU
		{86721307-118E-4F40-A7B4-E8D82112DEAE}.Debug|x86.ActiveCfg = Debug|Any CPU
		{86721307-118E-4F40-A7B4-E8D82112DEAE}.Debug|x86.Build.0 = Debug|Any CPU
		{86721307-118E-4F40-A7B4-E8D82112DEAE}.Release|Any CPU.ActiveCfg = Release|Any CPU
		{86721307-118E-4F40-A7B4-E8D82112DEAE}.Release|Any CPU.Build.0 = Release|Any CPU
		{86721307-118E-4F40-A7B4-E8D82112DEAE}.Release|x64.ActiveCfg = Release|Any CPU
		{86721307-118E-4F40-A7B4-E8D82112DEAE}.Release|x64.Build.0 = Release|Any CPU
		{86721307-118E-4F40-A7B4-E8D82112DEAE}.Release|x86.ActiveCfg = Release|Any CPU
		{86721307-118E-4F40-A7B4-E8D82112DEAE}.Release|x86.Build.0 = Release|Any CPU
		{EF85C4B2-4467-4388-8D42-DBA157594A31}.Debug|Any CPU.ActiveCfg = Debug|Any CPU
		{EF85C4B2-4467-4388-8D42-DBA157594A31}.Debug|Any CPU.Build.0 = Debug|Any CPU
		{EF85C4B2-4467-4388-8D42-DBA157594A31}.Debug|x64.ActiveCfg = Debug|Any CPU
		{EF85C4B2-4467-4388-8D42-DBA157594A31}.Debug|x64.Build.0 = Debug|Any CPU
		{EF85C4B2-4467-4388-8D42-DBA157594A31}.Debug|x86.ActiveCfg = Debug|Any CPU
		{EF85C4B2-4467-4388-8D42-DBA157594A31}.Debug|x86.Build.0 = Debug|Any CPU
		{EF85C4B2-4467-4388-8D42-DBA157594A31}.Release|Any CPU.ActiveCfg = Release|Any CPU
		{EF85C4B2-4467-4388-8D42-DBA157594A31}.Release|Any CPU.Build.0 = Release|Any CPU
		{EF85C4B2-4467-4388-8D42-DBA157594A31}.Release|x64.ActiveCfg = Release|Any CPU
		{EF85C4B2-4467-4388-8D42-DBA157594A31}.Release|x64.Build.0 = Release|Any CPU
		{EF85C4B2-4467-4388-8D42-DBA157594A31}.Release|x86.ActiveCfg = Release|Any CPU
		{EF85C4B2-4467-4388-8D42-DBA157594A31}.Release|x86.Build.0 = Release|Any CPU
		{75537E81-3853-4F19-90CF-AC2FA22ADA0D}.Debug|Any CPU.ActiveCfg = Debug|Any CPU
		{75537E81-3853-4F19-90CF-AC2FA22ADA0D}.Debug|Any CPU.Build.0 = Debug|Any CPU
		{75537E81-3853-4F19-90CF-AC2FA22ADA0D}.Debug|x64.ActiveCfg = Debug|Any CPU
		{75537E81-3853-4F19-90CF-AC2FA22ADA0D}.Debug|x64.Build.0 = Debug|Any CPU
		{75537E81-3853-4F19-90CF-AC2FA22ADA0D}.Debug|x86.ActiveCfg = Debug|Any CPU
		{75537E81-3853-4F19-90CF-AC2FA22ADA0D}.Debug|x86.Build.0 = Debug|Any CPU
		{75537E81-3853-4F19-90CF-AC2FA22ADA0D}.Release|Any CPU.ActiveCfg = Release|Any CPU
		{75537E81-3853-4F19-90CF-AC2FA22ADA0D}.Release|Any CPU.Build.0 = Release|Any CPU
		{75537E81-3853-4F19-90CF-AC2FA22ADA0D}.Release|x64.ActiveCfg = Release|Any CPU
		{75537E81-3853-4F19-90CF-AC2FA22ADA0D}.Release|x64.Build.0 = Release|Any CPU
		{75537E81-3853-4F19-90CF-AC2FA22ADA0D}.Release|x86.ActiveCfg = Release|Any CPU
		{75537E81-3853-4F19-90CF-AC2FA22ADA0D}.Release|x86.Build.0 = Release|Any CPU
		{254E17FA-F4B4-44D4-8007-BCC8E74CA295}.Debug|Any CPU.ActiveCfg = Debug|Any CPU
		{254E17FA-F4B4-44D4-8007-BCC8E74CA295}.Debug|Any CPU.Build.0 = Debug|Any CPU
		{254E17FA-F4B4-44D4-8007-BCC8E74CA295}.Debug|x64.ActiveCfg = Debug|Any CPU
		{254E17FA-F4B4-44D4-8007-BCC8E74CA295}.Debug|x64.Build.0 = Debug|Any CPU
		{254E17FA-F4B4-44D4-8007-BCC8E74CA295}.Debug|x86.ActiveCfg = Debug|Any CPU
		{254E17FA-F4B4-44D4-8007-BCC8E74CA295}.Debug|x86.Build.0 = Debug|Any CPU
		{254E17FA-F4B4-44D4-8007-BCC8E74CA295}.Release|Any CPU.ActiveCfg = Release|Any CPU
		{254E17FA-F4B4-44D4-8007-BCC8E74CA295}.Release|Any CPU.Build.0 = Release|Any CPU
		{254E17FA-F4B4-44D4-8007-BCC8E74CA295}.Release|x64.ActiveCfg = Release|Any CPU
		{254E17FA-F4B4-44D4-8007-BCC8E74CA295}.Release|x64.Build.0 = Release|Any CPU
		{254E17FA-F4B4-44D4-8007-BCC8E74CA295}.Release|x86.ActiveCfg = Release|Any CPU
		{254E17FA-F4B4-44D4-8007-BCC8E74CA295}.Release|x86.Build.0 = Release|Any CPU
		{F6922236-98F9-4EB4-BC17-6C935F26C503}.Debug|Any CPU.ActiveCfg = Debug|Any CPU
		{F6922236-98F9-4EB4-BC17-6C935F26C503}.Debug|Any CPU.Build.0 = Debug|Any CPU
		{F6922236-98F9-4EB4-BC17-6C935F26C503}.Debug|x64.ActiveCfg = Debug|Any CPU
		{F6922236-98F9-4EB4-BC17-6C935F26C503}.Debug|x64.Build.0 = Debug|Any CPU
		{F6922236-98F9-4EB4-BC17-6C935F26C503}.Debug|x86.ActiveCfg = Debug|Any CPU
		{F6922236-98F9-4EB4-BC17-6C935F26C503}.Debug|x86.Build.0 = Debug|Any CPU
		{F6922236-98F9-4EB4-BC17-6C935F26C503}.Release|Any CPU.ActiveCfg = Release|Any CPU
		{F6922236-98F9-4EB4-BC17-6C935F26C503}.Release|Any CPU.Build.0 = Release|Any CPU
		{F6922236-98F9-4EB4-BC17-6C935F26C503}.Release|x64.ActiveCfg = Release|Any CPU
		{F6922236-98F9-4EB4-BC17-6C935F26C503}.Release|x64.Build.0 = Release|Any CPU
		{F6922236-98F9-4EB4-BC17-6C935F26C503}.Release|x86.ActiveCfg = Release|Any CPU
		{F6922236-98F9-4EB4-BC17-6C935F26C503}.Release|x86.Build.0 = Release|Any CPU
		{D66A5520-170D-4F51-8DCD-E3E777C07550}.Debug|Any CPU.ActiveCfg = Debug|Any CPU
		{D66A5520-170D-4F51-8DCD-E3E777C07550}.Debug|Any CPU.Build.0 = Debug|Any CPU
		{D66A5520-170D-4F51-8DCD-E3E777C07550}.Debug|x64.ActiveCfg = Debug|Any CPU
		{D66A5520-170D-4F51-8DCD-E3E777C07550}.Debug|x64.Build.0 = Debug|Any CPU
		{D66A5520-170D-4F51-8DCD-E3E777C07550}.Debug|x86.ActiveCfg = Debug|Any CPU
		{D66A5520-170D-4F51-8DCD-E3E777C07550}.Debug|x86.Build.0 = Debug|Any CPU
		{D66A5520-170D-4F51-8DCD-E3E777C07550}.Release|Any CPU.ActiveCfg = Release|Any CPU
		{D66A5520-170D-4F51-8DCD-E3E777C07550}.Release|Any CPU.Build.0 = Release|Any CPU
		{D66A5520-170D-4F51-8DCD-E3E777C07550}.Release|x64.ActiveCfg = Release|Any CPU
		{D66A5520-170D-4F51-8DCD-E3E777C07550}.Release|x64.Build.0 = Release|Any CPU
		{D66A5520-170D-4F51-8DCD-E3E777C07550}.Release|x86.ActiveCfg = Release|Any CPU
		{D66A5520-170D-4F51-8DCD-E3E777C07550}.Release|x86.Build.0 = Release|Any CPU
		{1745D00C-6D72-481A-A11A-5FE5ABEB8C45}.Debug|Any CPU.ActiveCfg = Debug|Any CPU
		{1745D00C-6D72-481A-A11A-5FE5ABEB8C45}.Debug|Any CPU.Build.0 = Debug|Any CPU
		{1745D00C-6D72-481A-A11A-5FE5ABEB8C45}.Debug|x64.ActiveCfg = Debug|Any CPU
		{1745D00C-6D72-481A-A11A-5FE5ABEB8C45}.Debug|x64.Build.0 = Debug|Any CPU
		{1745D00C-6D72-481A-A11A-5FE5ABEB8C45}.Debug|x86.ActiveCfg = Debug|Any CPU
		{1745D00C-6D72-481A-A11A-5FE5ABEB8C45}.Debug|x86.Build.0 = Debug|Any CPU
		{1745D00C-6D72-481A-A11A-5FE5ABEB8C45}.Release|Any CPU.ActiveCfg = Release|Any CPU
		{1745D00C-6D72-481A-A11A-5FE5ABEB8C45}.Release|Any CPU.Build.0 = Release|Any CPU
		{1745D00C-6D72-481A-A11A-5FE5ABEB8C45}.Release|x64.ActiveCfg = Release|Any CPU
		{1745D00C-6D72-481A-A11A-5FE5ABEB8C45}.Release|x64.Build.0 = Release|Any CPU
		{1745D00C-6D72-481A-A11A-5FE5ABEB8C45}.Release|x86.ActiveCfg = Release|Any CPU
		{1745D00C-6D72-481A-A11A-5FE5ABEB8C45}.Release|x86.Build.0 = Release|Any CPU
		{D61BFCB4-E021-4201-B774-2CAD44C2AABF}.Debug|Any CPU.ActiveCfg = Debug|Any CPU
		{D61BFCB4-E021-4201-B774-2CAD44C2AABF}.Debug|Any CPU.Build.0 = Debug|Any CPU
		{D61BFCB4-E021-4201-B774-2CAD44C2AABF}.Debug|x64.ActiveCfg = Debug|Any CPU
		{D61BFCB4-E021-4201-B774-2CAD44C2AABF}.Debug|x64.Build.0 = Debug|Any CPU
		{D61BFCB4-E021-4201-B774-2CAD44C2AABF}.Debug|x86.ActiveCfg = Debug|Any CPU
		{D61BFCB4-E021-4201-B774-2CAD44C2AABF}.Debug|x86.Build.0 = Debug|Any CPU
		{D61BFCB4-E021-4201-B774-2CAD44C2AABF}.Release|Any CPU.ActiveCfg = Release|Any CPU
		{D61BFCB4-E021-4201-B774-2CAD44C2AABF}.Release|Any CPU.Build.0 = Release|Any CPU
		{D61BFCB4-E021-4201-B774-2CAD44C2AABF}.Release|x64.ActiveCfg = Release|Any CPU
		{D61BFCB4-E021-4201-B774-2CAD44C2AABF}.Release|x64.Build.0 = Release|Any CPU
		{D61BFCB4-E021-4201-B774-2CAD44C2AABF}.Release|x86.ActiveCfg = Release|Any CPU
		{D61BFCB4-E021-4201-B774-2CAD44C2AABF}.Release|x86.Build.0 = Release|Any CPU
		{D6A0C936-424D-41F1-9538-AD089F18FEC8}.Debug|Any CPU.ActiveCfg = Debug|Any CPU
		{D6A0C936-424D-41F1-9538-AD089F18FEC8}.Debug|Any CPU.Build.0 = Debug|Any CPU
		{D6A0C936-424D-41F1-9538-AD089F18FEC8}.Debug|x64.ActiveCfg = Debug|Any CPU
		{D6A0C936-424D-41F1-9538-AD089F18FEC8}.Debug|x64.Build.0 = Debug|Any CPU
		{D6A0C936-424D-41F1-9538-AD089F18FEC8}.Debug|x86.ActiveCfg = Debug|Any CPU
		{D6A0C936-424D-41F1-9538-AD089F18FEC8}.Debug|x86.Build.0 = Debug|Any CPU
		{D6A0C936-424D-41F1-9538-AD089F18FEC8}.Release|Any CPU.ActiveCfg = Release|Any CPU
		{D6A0C936-424D-41F1-9538-AD089F18FEC8}.Release|Any CPU.Build.0 = Release|Any CPU
		{D6A0C936-424D-41F1-9538-AD089F18FEC8}.Release|x64.ActiveCfg = Release|Any CPU
		{D6A0C936-424D-41F1-9538-AD089F18FEC8}.Release|x64.Build.0 = Release|Any CPU
		{D6A0C936-424D-41F1-9538-AD089F18FEC8}.Release|x86.ActiveCfg = Release|Any CPU
		{D6A0C936-424D-41F1-9538-AD089F18FEC8}.Release|x86.Build.0 = Release|Any CPU
		{8269BF1C-852C-46B3-BA25-80112ACCA643}.Debug|Any CPU.ActiveCfg = Debug|Any CPU
		{8269BF1C-852C-46B3-BA25-80112ACCA643}.Debug|Any CPU.Build.0 = Debug|Any CPU
		{8269BF1C-852C-46B3-BA25-80112ACCA643}.Debug|x64.ActiveCfg = Debug|Any CPU
		{8269BF1C-852C-46B3-BA25-80112ACCA643}.Debug|x64.Build.0 = Debug|Any CPU
		{8269BF1C-852C-46B3-BA25-80112ACCA643}.Debug|x86.ActiveCfg = Debug|Any CPU
		{8269BF1C-852C-46B3-BA25-80112ACCA643}.Debug|x86.Build.0 = Debug|Any CPU
		{8269BF1C-852C-46B3-BA25-80112ACCA643}.Release|Any CPU.ActiveCfg = Release|Any CPU
		{8269BF1C-852C-46B3-BA25-80112ACCA643}.Release|Any CPU.Build.0 = Release|Any CPU
		{8269BF1C-852C-46B3-BA25-80112ACCA643}.Release|x64.ActiveCfg = Release|Any CPU
		{8269BF1C-852C-46B3-BA25-80112ACCA643}.Release|x64.Build.0 = Release|Any CPU
		{8269BF1C-852C-46B3-BA25-80112ACCA643}.Release|x86.ActiveCfg = Release|Any CPU
		{8269BF1C-852C-46B3-BA25-80112ACCA643}.Release|x86.Build.0 = Release|Any CPU
		{A5589317-D677-413A-A101-5B6116999092}.Debug|Any CPU.ActiveCfg = Debug|Any CPU
		{A5589317-D677-413A-A101-5B6116999092}.Debug|Any CPU.Build.0 = Debug|Any CPU
		{A5589317-D677-413A-A101-5B6116999092}.Debug|x64.ActiveCfg = Debug|Any CPU
		{A5589317-D677-413A-A101-5B6116999092}.Debug|x64.Build.0 = Debug|Any CPU
		{A5589317-D677-413A-A101-5B6116999092}.Debug|x86.ActiveCfg = Debug|Any CPU
		{A5589317-D677-413A-A101-5B6116999092}.Debug|x86.Build.0 = Debug|Any CPU
		{A5589317-D677-413A-A101-5B6116999092}.Release|Any CPU.ActiveCfg = Release|Any CPU
		{A5589317-D677-413A-A101-5B6116999092}.Release|Any CPU.Build.0 = Release|Any CPU
		{A5589317-D677-413A-A101-5B6116999092}.Release|x64.ActiveCfg = Release|Any CPU
		{A5589317-D677-413A-A101-5B6116999092}.Release|x64.Build.0 = Release|Any CPU
		{A5589317-D677-413A-A101-5B6116999092}.Release|x86.ActiveCfg = Release|Any CPU
		{A5589317-D677-413A-A101-5B6116999092}.Release|x86.Build.0 = Release|Any CPU
		{B7E3B320-F42F-4B3B-819B-27B88078FC8E}.Debug|Any CPU.ActiveCfg = Debug|Any CPU
		{B7E3B320-F42F-4B3B-819B-27B88078FC8E}.Debug|Any CPU.Build.0 = Debug|Any CPU
		{B7E3B320-F42F-4B3B-819B-27B88078FC8E}.Debug|x64.ActiveCfg = Debug|Any CPU
		{B7E3B320-F42F-4B3B-819B-27B88078FC8E}.Debug|x64.Build.0 = Debug|Any CPU
		{B7E3B320-F42F-4B3B-819B-27B88078FC8E}.Debug|x86.ActiveCfg = Debug|Any CPU
		{B7E3B320-F42F-4B3B-819B-27B88078FC8E}.Debug|x86.Build.0 = Debug|Any CPU
		{B7E3B320-F42F-4B3B-819B-27B88078FC8E}.Release|Any CPU.ActiveCfg = Release|Any CPU
		{B7E3B320-F42F-4B3B-819B-27B88078FC8E}.Release|Any CPU.Build.0 = Release|Any CPU
		{B7E3B320-F42F-4B3B-819B-27B88078FC8E}.Release|x64.ActiveCfg = Release|Any CPU
		{B7E3B320-F42F-4B3B-819B-27B88078FC8E}.Release|x64.Build.0 = Release|Any CPU
		{B7E3B320-F42F-4B3B-819B-27B88078FC8E}.Release|x86.ActiveCfg = Release|Any CPU
		{B7E3B320-F42F-4B3B-819B-27B88078FC8E}.Release|x86.Build.0 = Release|Any CPU
		{E0249585-4986-4D1E-A5F0-0EED00CD24BD}.Debug|Any CPU.ActiveCfg = Debug|Any CPU
		{E0249585-4986-4D1E-A5F0-0EED00CD24BD}.Debug|Any CPU.Build.0 = Debug|Any CPU
		{E0249585-4986-4D1E-A5F0-0EED00CD24BD}.Debug|x64.ActiveCfg = Debug|Any CPU
		{E0249585-4986-4D1E-A5F0-0EED00CD24BD}.Debug|x64.Build.0 = Debug|Any CPU
		{E0249585-4986-4D1E-A5F0-0EED00CD24BD}.Debug|x86.ActiveCfg = Debug|Any CPU
		{E0249585-4986-4D1E-A5F0-0EED00CD24BD}.Debug|x86.Build.0 = Debug|Any CPU
		{E0249585-4986-4D1E-A5F0-0EED00CD24BD}.Release|Any CPU.ActiveCfg = Release|Any CPU
		{E0249585-4986-4D1E-A5F0-0EED00CD24BD}.Release|Any CPU.Build.0 = Release|Any CPU
		{E0249585-4986-4D1E-A5F0-0EED00CD24BD}.Release|x64.ActiveCfg = Release|Any CPU
		{E0249585-4986-4D1E-A5F0-0EED00CD24BD}.Release|x64.Build.0 = Release|Any CPU
		{E0249585-4986-4D1E-A5F0-0EED00CD24BD}.Release|x86.ActiveCfg = Release|Any CPU
		{E0249585-4986-4D1E-A5F0-0EED00CD24BD}.Release|x86.Build.0 = Release|Any CPU
		{ABDE7466-73DE-4C76-B154-EDD5BBE72A65}.Debug|Any CPU.ActiveCfg = Debug|Any CPU
		{ABDE7466-73DE-4C76-B154-EDD5BBE72A65}.Debug|Any CPU.Build.0 = Debug|Any CPU
		{ABDE7466-73DE-4C76-B154-EDD5BBE72A65}.Debug|x64.ActiveCfg = Debug|Any CPU
		{ABDE7466-73DE-4C76-B154-EDD5BBE72A65}.Debug|x64.Build.0 = Debug|Any CPU
		{ABDE7466-73DE-4C76-B154-EDD5BBE72A65}.Debug|x86.ActiveCfg = Debug|Any CPU
		{ABDE7466-73DE-4C76-B154-EDD5BBE72A65}.Debug|x86.Build.0 = Debug|Any CPU
		{ABDE7466-73DE-4C76-B154-EDD5BBE72A65}.Release|Any CPU.ActiveCfg = Release|Any CPU
		{ABDE7466-73DE-4C76-B154-EDD5BBE72A65}.Release|Any CPU.Build.0 = Release|Any CPU
		{ABDE7466-73DE-4C76-B154-EDD5BBE72A65}.Release|x64.ActiveCfg = Release|Any CPU
		{ABDE7466-73DE-4C76-B154-EDD5BBE72A65}.Release|x64.Build.0 = Release|Any CPU
		{ABDE7466-73DE-4C76-B154-EDD5BBE72A65}.Release|x86.ActiveCfg = Release|Any CPU
		{ABDE7466-73DE-4C76-B154-EDD5BBE72A65}.Release|x86.Build.0 = Release|Any CPU
		{2CFC5FF7-2A31-429F-8621-EB688E6B4B2E}.Debug|Any CPU.ActiveCfg = Debug|Any CPU
		{2CFC5FF7-2A31-429F-8621-EB688E6B4B2E}.Debug|Any CPU.Build.0 = Debug|Any CPU
		{2CFC5FF7-2A31-429F-8621-EB688E6B4B2E}.Debug|x64.ActiveCfg = Debug|Any CPU
		{2CFC5FF7-2A31-429F-8621-EB688E6B4B2E}.Debug|x64.Build.0 = Debug|Any CPU
		{2CFC5FF7-2A31-429F-8621-EB688E6B4B2E}.Debug|x86.ActiveCfg = Debug|Any CPU
		{2CFC5FF7-2A31-429F-8621-EB688E6B4B2E}.Debug|x86.Build.0 = Debug|Any CPU
		{2CFC5FF7-2A31-429F-8621-EB688E6B4B2E}.Release|Any CPU.ActiveCfg = Release|Any CPU
		{2CFC5FF7-2A31-429F-8621-EB688E6B4B2E}.Release|Any CPU.Build.0 = Release|Any CPU
		{2CFC5FF7-2A31-429F-8621-EB688E6B4B2E}.Release|x64.ActiveCfg = Release|Any CPU
		{2CFC5FF7-2A31-429F-8621-EB688E6B4B2E}.Release|x64.Build.0 = Release|Any CPU
		{2CFC5FF7-2A31-429F-8621-EB688E6B4B2E}.Release|x86.ActiveCfg = Release|Any CPU
		{2CFC5FF7-2A31-429F-8621-EB688E6B4B2E}.Release|x86.Build.0 = Release|Any CPU
		{29F50DCD-66F8-4DB6-928E-971C6D7679CC}.Debug|Any CPU.ActiveCfg = Debug|Any CPU
		{29F50DCD-66F8-4DB6-928E-971C6D7679CC}.Debug|Any CPU.Build.0 = Debug|Any CPU
		{29F50DCD-66F8-4DB6-928E-971C6D7679CC}.Debug|x64.ActiveCfg = Debug|Any CPU
		{29F50DCD-66F8-4DB6-928E-971C6D7679CC}.Debug|x64.Build.0 = Debug|Any CPU
		{29F50DCD-66F8-4DB6-928E-971C6D7679CC}.Debug|x86.ActiveCfg = Debug|Any CPU
		{29F50DCD-66F8-4DB6-928E-971C6D7679CC}.Debug|x86.Build.0 = Debug|Any CPU
		{29F50DCD-66F8-4DB6-928E-971C6D7679CC}.Release|Any CPU.ActiveCfg = Release|Any CPU
		{29F50DCD-66F8-4DB6-928E-971C6D7679CC}.Release|Any CPU.Build.0 = Release|Any CPU
		{29F50DCD-66F8-4DB6-928E-971C6D7679CC}.Release|x64.ActiveCfg = Release|Any CPU
		{29F50DCD-66F8-4DB6-928E-971C6D7679CC}.Release|x64.Build.0 = Release|Any CPU
		{29F50DCD-66F8-4DB6-928E-971C6D7679CC}.Release|x86.ActiveCfg = Release|Any CPU
		{29F50DCD-66F8-4DB6-928E-971C6D7679CC}.Release|x86.Build.0 = Release|Any CPU
		{3816EACB-3903-430A-A641-A7DBA1DFF072}.Debug|Any CPU.ActiveCfg = Debug|Any CPU
		{3816EACB-3903-430A-A641-A7DBA1DFF072}.Debug|Any CPU.Build.0 = Debug|Any CPU
		{3816EACB-3903-430A-A641-A7DBA1DFF072}.Debug|x64.ActiveCfg = Debug|Any CPU
		{3816EACB-3903-430A-A641-A7DBA1DFF072}.Debug|x64.Build.0 = Debug|Any CPU
		{3816EACB-3903-430A-A641-A7DBA1DFF072}.Debug|x86.ActiveCfg = Debug|Any CPU
		{3816EACB-3903-430A-A641-A7DBA1DFF072}.Debug|x86.Build.0 = Debug|Any CPU
		{3816EACB-3903-430A-A641-A7DBA1DFF072}.Release|Any CPU.ActiveCfg = Release|Any CPU
		{3816EACB-3903-430A-A641-A7DBA1DFF072}.Release|Any CPU.Build.0 = Release|Any CPU
		{3816EACB-3903-430A-A641-A7DBA1DFF072}.Release|x64.ActiveCfg = Release|Any CPU
		{3816EACB-3903-430A-A641-A7DBA1DFF072}.Release|x64.Build.0 = Release|Any CPU
		{3816EACB-3903-430A-A641-A7DBA1DFF072}.Release|x86.ActiveCfg = Release|Any CPU
		{3816EACB-3903-430A-A641-A7DBA1DFF072}.Release|x86.Build.0 = Release|Any CPU
		{FB7F2A4E-A320-42E2-ABCD-A62B085D8B26}.Debug|Any CPU.ActiveCfg = Debug|Any CPU
		{FB7F2A4E-A320-42E2-ABCD-A62B085D8B26}.Debug|Any CPU.Build.0 = Debug|Any CPU
		{FB7F2A4E-A320-42E2-ABCD-A62B085D8B26}.Debug|x64.ActiveCfg = Debug|Any CPU
		{FB7F2A4E-A320-42E2-ABCD-A62B085D8B26}.Debug|x64.Build.0 = Debug|Any CPU
		{FB7F2A4E-A320-42E2-ABCD-A62B085D8B26}.Debug|x86.ActiveCfg = Debug|Any CPU
		{FB7F2A4E-A320-42E2-ABCD-A62B085D8B26}.Debug|x86.Build.0 = Debug|Any CPU
		{FB7F2A4E-A320-42E2-ABCD-A62B085D8B26}.Release|Any CPU.ActiveCfg = Release|Any CPU
		{FB7F2A4E-A320-42E2-ABCD-A62B085D8B26}.Release|Any CPU.Build.0 = Release|Any CPU
		{FB7F2A4E-A320-42E2-ABCD-A62B085D8B26}.Release|x64.ActiveCfg = Release|Any CPU
		{FB7F2A4E-A320-42E2-ABCD-A62B085D8B26}.Release|x64.Build.0 = Release|Any CPU
		{FB7F2A4E-A320-42E2-ABCD-A62B085D8B26}.Release|x86.ActiveCfg = Release|Any CPU
		{FB7F2A4E-A320-42E2-ABCD-A62B085D8B26}.Release|x86.Build.0 = Release|Any CPU
		{6F6689A3-4D8F-4AE8-AC81-513604D1A6E7}.Debug|Any CPU.ActiveCfg = Debug|Any CPU
		{6F6689A3-4D8F-4AE8-AC81-513604D1A6E7}.Debug|Any CPU.Build.0 = Debug|Any CPU
		{6F6689A3-4D8F-4AE8-AC81-513604D1A6E7}.Debug|x64.ActiveCfg = Debug|Any CPU
		{6F6689A3-4D8F-4AE8-AC81-513604D1A6E7}.Debug|x64.Build.0 = Debug|Any CPU
		{6F6689A3-4D8F-4AE8-AC81-513604D1A6E7}.Debug|x86.ActiveCfg = Debug|Any CPU
		{6F6689A3-4D8F-4AE8-AC81-513604D1A6E7}.Debug|x86.Build.0 = Debug|Any CPU
		{6F6689A3-4D8F-4AE8-AC81-513604D1A6E7}.Release|Any CPU.ActiveCfg = Release|Any CPU
		{6F6689A3-4D8F-4AE8-AC81-513604D1A6E7}.Release|Any CPU.Build.0 = Release|Any CPU
		{6F6689A3-4D8F-4AE8-AC81-513604D1A6E7}.Release|x64.ActiveCfg = Release|Any CPU
		{6F6689A3-4D8F-4AE8-AC81-513604D1A6E7}.Release|x64.Build.0 = Release|Any CPU
		{6F6689A3-4D8F-4AE8-AC81-513604D1A6E7}.Release|x86.ActiveCfg = Release|Any CPU
		{6F6689A3-4D8F-4AE8-AC81-513604D1A6E7}.Release|x86.Build.0 = Release|Any CPU
		{896BE83E-AD6A-43F0-A4A0-23787025CDED}.Debug|Any CPU.ActiveCfg = Debug|Any CPU
		{896BE83E-AD6A-43F0-A4A0-23787025CDED}.Debug|Any CPU.Build.0 = Debug|Any CPU
		{896BE83E-AD6A-43F0-A4A0-23787025CDED}.Debug|x64.ActiveCfg = Debug|Any CPU
		{896BE83E-AD6A-43F0-A4A0-23787025CDED}.Debug|x64.Build.0 = Debug|Any CPU
		{896BE83E-AD6A-43F0-A4A0-23787025CDED}.Debug|x86.ActiveCfg = Debug|Any CPU
		{896BE83E-AD6A-43F0-A4A0-23787025CDED}.Debug|x86.Build.0 = Debug|Any CPU
		{896BE83E-AD6A-43F0-A4A0-23787025CDED}.Release|Any CPU.ActiveCfg = Release|Any CPU
		{896BE83E-AD6A-43F0-A4A0-23787025CDED}.Release|Any CPU.Build.0 = Release|Any CPU
		{896BE83E-AD6A-43F0-A4A0-23787025CDED}.Release|x64.ActiveCfg = Release|Any CPU
		{896BE83E-AD6A-43F0-A4A0-23787025CDED}.Release|x64.Build.0 = Release|Any CPU
		{896BE83E-AD6A-43F0-A4A0-23787025CDED}.Release|x86.ActiveCfg = Release|Any CPU
		{896BE83E-AD6A-43F0-A4A0-23787025CDED}.Release|x86.Build.0 = Release|Any CPU
		{479F2B94-0F08-4BDC-BACA-528076F8F491}.Debug|Any CPU.ActiveCfg = Debug|Any CPU
		{479F2B94-0F08-4BDC-BACA-528076F8F491}.Debug|Any CPU.Build.0 = Debug|Any CPU
		{479F2B94-0F08-4BDC-BACA-528076F8F491}.Debug|x64.ActiveCfg = Debug|Any CPU
		{479F2B94-0F08-4BDC-BACA-528076F8F491}.Debug|x64.Build.0 = Debug|Any CPU
		{479F2B94-0F08-4BDC-BACA-528076F8F491}.Debug|x86.ActiveCfg = Debug|Any CPU
		{479F2B94-0F08-4BDC-BACA-528076F8F491}.Debug|x86.Build.0 = Debug|Any CPU
		{479F2B94-0F08-4BDC-BACA-528076F8F491}.Release|Any CPU.ActiveCfg = Release|Any CPU
		{479F2B94-0F08-4BDC-BACA-528076F8F491}.Release|Any CPU.Build.0 = Release|Any CPU
		{479F2B94-0F08-4BDC-BACA-528076F8F491}.Release|x64.ActiveCfg = Release|Any CPU
		{479F2B94-0F08-4BDC-BACA-528076F8F491}.Release|x64.Build.0 = Release|Any CPU
		{479F2B94-0F08-4BDC-BACA-528076F8F491}.Release|x86.ActiveCfg = Release|Any CPU
		{479F2B94-0F08-4BDC-BACA-528076F8F491}.Release|x86.Build.0 = Release|Any CPU
		{022536FA-5098-4048-AD3E-3F0D1884DF18}.Debug|Any CPU.ActiveCfg = Debug|Any CPU
		{022536FA-5098-4048-AD3E-3F0D1884DF18}.Debug|Any CPU.Build.0 = Debug|Any CPU
		{022536FA-5098-4048-AD3E-3F0D1884DF18}.Debug|x64.ActiveCfg = Debug|Any CPU
		{022536FA-5098-4048-AD3E-3F0D1884DF18}.Debug|x64.Build.0 = Debug|Any CPU
		{022536FA-5098-4048-AD3E-3F0D1884DF18}.Debug|x86.ActiveCfg = Debug|Any CPU
		{022536FA-5098-4048-AD3E-3F0D1884DF18}.Debug|x86.Build.0 = Debug|Any CPU
		{022536FA-5098-4048-AD3E-3F0D1884DF18}.Release|Any CPU.ActiveCfg = Release|Any CPU
		{022536FA-5098-4048-AD3E-3F0D1884DF18}.Release|Any CPU.Build.0 = Release|Any CPU
		{022536FA-5098-4048-AD3E-3F0D1884DF18}.Release|x64.ActiveCfg = Release|Any CPU
		{022536FA-5098-4048-AD3E-3F0D1884DF18}.Release|x64.Build.0 = Release|Any CPU
		{022536FA-5098-4048-AD3E-3F0D1884DF18}.Release|x86.ActiveCfg = Release|Any CPU
		{022536FA-5098-4048-AD3E-3F0D1884DF18}.Release|x86.Build.0 = Release|Any CPU
		{66937747-2C82-430D-B11F-71EC2E21E643}.Debug|Any CPU.ActiveCfg = Debug|Any CPU
		{66937747-2C82-430D-B11F-71EC2E21E643}.Debug|Any CPU.Build.0 = Debug|Any CPU
		{66937747-2C82-430D-B11F-71EC2E21E643}.Debug|x64.ActiveCfg = Debug|Any CPU
		{66937747-2C82-430D-B11F-71EC2E21E643}.Debug|x64.Build.0 = Debug|Any CPU
		{66937747-2C82-430D-B11F-71EC2E21E643}.Debug|x86.ActiveCfg = Debug|Any CPU
		{66937747-2C82-430D-B11F-71EC2E21E643}.Debug|x86.Build.0 = Debug|Any CPU
		{66937747-2C82-430D-B11F-71EC2E21E643}.Release|Any CPU.ActiveCfg = Release|Any CPU
		{66937747-2C82-430D-B11F-71EC2E21E643}.Release|Any CPU.Build.0 = Release|Any CPU
		{66937747-2C82-430D-B11F-71EC2E21E643}.Release|x64.ActiveCfg = Release|Any CPU
		{66937747-2C82-430D-B11F-71EC2E21E643}.Release|x64.Build.0 = Release|Any CPU
		{66937747-2C82-430D-B11F-71EC2E21E643}.Release|x86.ActiveCfg = Release|Any CPU
		{66937747-2C82-430D-B11F-71EC2E21E643}.Release|x86.Build.0 = Release|Any CPU
		{BE8DAD29-5261-4FBE-B3DE-985BC3207F13}.Debug|Any CPU.ActiveCfg = Debug|Any CPU
		{BE8DAD29-5261-4FBE-B3DE-985BC3207F13}.Debug|Any CPU.Build.0 = Debug|Any CPU
		{BE8DAD29-5261-4FBE-B3DE-985BC3207F13}.Debug|x64.ActiveCfg = Debug|Any CPU
		{BE8DAD29-5261-4FBE-B3DE-985BC3207F13}.Debug|x64.Build.0 = Debug|Any CPU
		{BE8DAD29-5261-4FBE-B3DE-985BC3207F13}.Debug|x86.ActiveCfg = Debug|Any CPU
		{BE8DAD29-5261-4FBE-B3DE-985BC3207F13}.Debug|x86.Build.0 = Debug|Any CPU
		{BE8DAD29-5261-4FBE-B3DE-985BC3207F13}.Release|Any CPU.ActiveCfg = Release|Any CPU
		{BE8DAD29-5261-4FBE-B3DE-985BC3207F13}.Release|Any CPU.Build.0 = Release|Any CPU
		{BE8DAD29-5261-4FBE-B3DE-985BC3207F13}.Release|x64.ActiveCfg = Release|Any CPU
		{BE8DAD29-5261-4FBE-B3DE-985BC3207F13}.Release|x64.Build.0 = Release|Any CPU
		{BE8DAD29-5261-4FBE-B3DE-985BC3207F13}.Release|x86.ActiveCfg = Release|Any CPU
		{BE8DAD29-5261-4FBE-B3DE-985BC3207F13}.Release|x86.Build.0 = Release|Any CPU
		{405F0B25-0827-47CE-A618-30DCF2B868FB}.Debug|Any CPU.ActiveCfg = Debug|Any CPU
		{405F0B25-0827-47CE-A618-30DCF2B868FB}.Debug|Any CPU.Build.0 = Debug|Any CPU
		{405F0B25-0827-47CE-A618-30DCF2B868FB}.Debug|x64.ActiveCfg = Debug|Any CPU
		{405F0B25-0827-47CE-A618-30DCF2B868FB}.Debug|x64.Build.0 = Debug|Any CPU
		{405F0B25-0827-47CE-A618-30DCF2B868FB}.Debug|x86.ActiveCfg = Debug|Any CPU
		{405F0B25-0827-47CE-A618-30DCF2B868FB}.Debug|x86.Build.0 = Debug|Any CPU
		{405F0B25-0827-47CE-A618-30DCF2B868FB}.Release|Any CPU.ActiveCfg = Release|Any CPU
		{405F0B25-0827-47CE-A618-30DCF2B868FB}.Release|Any CPU.Build.0 = Release|Any CPU
		{405F0B25-0827-47CE-A618-30DCF2B868FB}.Release|x64.ActiveCfg = Release|Any CPU
		{405F0B25-0827-47CE-A618-30DCF2B868FB}.Release|x64.Build.0 = Release|Any CPU
		{405F0B25-0827-47CE-A618-30DCF2B868FB}.Release|x86.ActiveCfg = Release|Any CPU
		{405F0B25-0827-47CE-A618-30DCF2B868FB}.Release|x86.Build.0 = Release|Any CPU
		{DB4DCF13-B52C-43BD-8137-5859DA177230}.Debug|Any CPU.ActiveCfg = Debug|Any CPU
		{DB4DCF13-B52C-43BD-8137-5859DA177230}.Debug|Any CPU.Build.0 = Debug|Any CPU
		{DB4DCF13-B52C-43BD-8137-5859DA177230}.Debug|x64.ActiveCfg = Debug|Any CPU
		{DB4DCF13-B52C-43BD-8137-5859DA177230}.Debug|x64.Build.0 = Debug|Any CPU
		{DB4DCF13-B52C-43BD-8137-5859DA177230}.Debug|x86.ActiveCfg = Debug|Any CPU
		{DB4DCF13-B52C-43BD-8137-5859DA177230}.Debug|x86.Build.0 = Debug|Any CPU
		{DB4DCF13-B52C-43BD-8137-5859DA177230}.Release|Any CPU.ActiveCfg = Release|Any CPU
		{DB4DCF13-B52C-43BD-8137-5859DA177230}.Release|Any CPU.Build.0 = Release|Any CPU
		{DB4DCF13-B52C-43BD-8137-5859DA177230}.Release|x64.ActiveCfg = Release|Any CPU
		{DB4DCF13-B52C-43BD-8137-5859DA177230}.Release|x64.Build.0 = Release|Any CPU
		{DB4DCF13-B52C-43BD-8137-5859DA177230}.Release|x86.ActiveCfg = Release|Any CPU
		{DB4DCF13-B52C-43BD-8137-5859DA177230}.Release|x86.Build.0 = Release|Any CPU
		{C0AD1058-C412-4CC6-B3D3-C06E66C3F93A}.Debug|Any CPU.ActiveCfg = Debug|Any CPU
		{C0AD1058-C412-4CC6-B3D3-C06E66C3F93A}.Debug|Any CPU.Build.0 = Debug|Any CPU
		{C0AD1058-C412-4CC6-B3D3-C06E66C3F93A}.Debug|x64.ActiveCfg = Debug|Any CPU
		{C0AD1058-C412-4CC6-B3D3-C06E66C3F93A}.Debug|x64.Build.0 = Debug|Any CPU
		{C0AD1058-C412-4CC6-B3D3-C06E66C3F93A}.Debug|x86.ActiveCfg = Debug|Any CPU
		{C0AD1058-C412-4CC6-B3D3-C06E66C3F93A}.Debug|x86.Build.0 = Debug|Any CPU
		{C0AD1058-C412-4CC6-B3D3-C06E66C3F93A}.Release|Any CPU.ActiveCfg = Release|Any CPU
		{C0AD1058-C412-4CC6-B3D3-C06E66C3F93A}.Release|Any CPU.Build.0 = Release|Any CPU
		{C0AD1058-C412-4CC6-B3D3-C06E66C3F93A}.Release|x64.ActiveCfg = Release|Any CPU
		{C0AD1058-C412-4CC6-B3D3-C06E66C3F93A}.Release|x64.Build.0 = Release|Any CPU
		{C0AD1058-C412-4CC6-B3D3-C06E66C3F93A}.Release|x86.ActiveCfg = Release|Any CPU
		{C0AD1058-C412-4CC6-B3D3-C06E66C3F93A}.Release|x86.Build.0 = Release|Any CPU
	EndGlobalSection
	GlobalSection(SolutionProperties) = preSolution
		HideSolutionNode = FALSE
	EndGlobalSection
EndGlobal
