
Microsoft Visual Studio Solution File, Format Version 12.00
# Visual Studio Version 17
VisualStudioVersion = 17.2.32630.192
MinimumVisualStudioVersion = 10.0.40219.1
Project("{9A19103F-16F7-4668-BE54-9A1E7A4F7556}") = "R5T.B0006.X0006", "R5T.B0006.X0006\R5T.B0006.X0006.csproj", "{C68EB828-CA8C-400C-A7C2-A8BB75199AE5}"
EndProject
Project("{2150E333-8FDC-42A3-9474-1A3956D46DE8}") = "_Dependencies", "_Dependencies", "{88E624CE-06BF-45CF-B213-BF1121891EE1}"
EndProject
Project("{9A19103F-16F7-4668-BE54-9A1E7A4F7556}") = "R5T.B0006", "..\..\R5T.B0006\source\R5T.B0006\R5T.B0006.csproj", "{23C456FC-2F21-44E8-A2C3-F8F2BE5D8B7A}"
EndProject
Project("{9A19103F-16F7-4668-BE54-9A1E7A4F7556}") = "R5T.F0009", "..\..\R5T.F0009\source\R5T.F0009\R5T.F0009.csproj", "{0DD981C4-D513-4AAE-A3B5-601A4E6AADCA}"
EndProject
Project("{9A19103F-16F7-4668-BE54-9A1E7A4F7556}") = "R5T.F0000", "..\..\R5T.F0000\source\R5T.F0000\R5T.F0000.csproj", "{A57949F1-593B-446E-9E2A-60116403CC1B}"
EndProject
Project("{9A19103F-16F7-4668-BE54-9A1E7A4F7556}") = "R5T.F0003", "..\..\R5T.F0003\source\R5T.F0003\R5T.F0003.csproj", "{41F9677D-B9CE-4002-8F32-39C3BE073F63}"
EndProject
Project("{9A19103F-16F7-4668-BE54-9A1E7A4F7556}") = "R5T.F0004", "..\..\R5T.F0004\source\R5T.F0004\R5T.F0004.csproj", "{C69BE202-11DF-4836-BC1C-BF06E97511BF}"
EndProject
Project("{9A19103F-16F7-4668-BE54-9A1E7A4F7556}") = "R5T.F0005", "..\..\R5T.F0005\source\R5T.F0005\R5T.F0005.csproj", "{1F1C1BFE-3003-4618-AF9C-B34022D8A7A9}"
EndProject
Project("{9A19103F-16F7-4668-BE54-9A1E7A4F7556}") = "R5T.F0006", "..\..\R5T.F0006\source\R5T.F0006\R5T.F0006.csproj", "{52A90FB2-FB0E-4762-9F27-1F1ABFF64BF7}"
EndProject
Project("{9A19103F-16F7-4668-BE54-9A1E7A4F7556}") = "R5T.F0007", "..\..\R5T.F0007\source\R5T.F0007\R5T.F0007.csproj", "{729AD128-939B-404B-8B46-F201BAC68BD3}"
EndProject
Project("{9A19103F-16F7-4668-BE54-9A1E7A4F7556}") = "R5T.F0008", "..\..\R5T.F0008\source\R5T.F0008\R5T.F0008.csproj", "{A0E78B26-02CA-4781-B460-2E7B44F7657D}"
EndProject
Project("{9A19103F-16F7-4668-BE54-9A1E7A4F7556}") = "R5T.F0013", "..\..\R5T.F0013\source\R5T.F0013\R5T.F0013.csproj", "{34E916AA-6A7C-4DF9-97E9-7402F00DE16A}"
EndProject
Project("{9A19103F-16F7-4668-BE54-9A1E7A4F7556}") = "R5T.F0021", "..\..\R5T.F0021\source\R5T.F0021\R5T.F0021.csproj", "{014CEAEB-9E27-4B03-BF9E-1FBE031E7859}"
EndProject
Project("{9A19103F-16F7-4668-BE54-9A1E7A4F7556}") = "R5T.F0022", "..\..\R5T.F0022\source\R5T.F0022\R5T.F0022.csproj", "{9D184A4B-927D-4894-9C4E-6004C7C60F28}"
EndProject
Project("{9A19103F-16F7-4668-BE54-9A1E7A4F7556}") = "R5T.F0023", "..\..\R5T.F0023\source\R5T.F0023\R5T.F0023.csproj", "{ABF2889C-A122-4558-BF2F-FDC4A03236A8}"
EndProject
Project("{9A19103F-16F7-4668-BE54-9A1E7A4F7556}") = "R5T.L0011", "..\..\R5T.L0011\source\R5T.L0011\R5T.L0011.csproj", "{2673DAEA-6D05-4EE2-90BF-AD9A2515EE4E}"
EndProject
Project("{9A19103F-16F7-4668-BE54-9A1E7A4F7556}") = "R5T.Magyar", "..\..\R5T.Magyar\source\R5T.Magyar\R5T.Magyar.csproj", "{CA87D1C1-BBB5-4DCB-B782-FC2F12624D44}"
EndProject
Project("{9A19103F-16F7-4668-BE54-9A1E7A4F7556}") = "R5T.T0039.T002", "..\..\R5T.T0039\source\R5T.T0039.T002\R5T.T0039.T002.csproj", "{FA1DC4AF-B5AC-4B2B-840F-10D73F57388A}"
EndProject
Project("{9A19103F-16F7-4668-BE54-9A1E7A4F7556}") = "R5T.T0129", "..\..\R5T.T0129\source\R5T.T0129\R5T.T0129.csproj", "{40C243DB-8DF5-4BA7-B668-2B3EF8F7429B}"
EndProject
Project("{9A19103F-16F7-4668-BE54-9A1E7A4F7556}") = "R5T.T0131", "..\..\R5T.T0131\source\R5T.T0131\R5T.T0131.csproj", "{ADD16563-BC63-4986-800F-B42F738302B7}"
EndProject
Project("{9A19103F-16F7-4668-BE54-9A1E7A4F7556}") = "R5T.T0132", "..\..\R5T.T0132\source\R5T.T0132\R5T.T0132.csproj", "{9FCD318F-2EA8-452E-9827-A4FC64A46C55}"
EndProject
Project("{9A19103F-16F7-4668-BE54-9A1E7A4F7556}") = "R5T.T0134", "..\..\R5T.T0134\source\R5T.T0134\R5T.T0134.csproj", "{7FF63486-94BF-44DF-BEE4-52422ACC2C39}"
EndProject
Project("{9A19103F-16F7-4668-BE54-9A1E7A4F7556}") = "R5T.T0135", "..\..\R5T.T0135\source\R5T.T0135\R5T.T0135.csproj", "{31CA1C8E-678B-470B-BBB0-42FDE3C1345C}"
EndProject
Project("{9A19103F-16F7-4668-BE54-9A1E7A4F7556}") = "R5T.T0136", "..\..\R5T.T0136\source\R5T.T0136\R5T.T0136.csproj", "{A1A4A24B-BCF5-4A5D-85B0-224FFEF708BD}"
EndProject
Project("{9A19103F-16F7-4668-BE54-9A1E7A4F7556}") = "R5T.T0138", "..\..\R5T.T0138\source\R5T.T0138\R5T.T0138.csproj", "{6FF7D4D9-D8D3-411C-A33C-12193AD2D203}"
EndProject
Project("{9A19103F-16F7-4668-BE54-9A1E7A4F7556}") = "R5T.T0142", "..\..\R5T.T0142\source\R5T.T0142\R5T.T0142.csproj", "{A32F134D-748D-4D80-B899-F7ED85A7B6AD}"
EndProject
Project("{9A19103F-16F7-4668-BE54-9A1E7A4F7556}") = "R5T.T0143", "..\..\R5T.T0143\source\R5T.T0143\R5T.T0143.csproj", "{1A50F2D3-90B9-4A40-96C1-94C989DE1C4B}"
EndProject
Project("{9A19103F-16F7-4668-BE54-9A1E7A4F7556}") = "R5T.T0156", "..\..\R5T.T0156\source\R5T.T0156\R5T.T0156.csproj", "{4E9B756C-AB9F-4E13-8847-DAA928B0E636}"
EndProject
Project("{9A19103F-16F7-4668-BE54-9A1E7A4F7556}") = "R5T.X0005", "..\..\R5T.X0005\source\R5T.X0005\R5T.X0005.csproj", "{9EF79876-02FB-4302-B837-B92230F8860E}"
EndProject
Project("{9A19103F-16F7-4668-BE54-9A1E7A4F7556}") = "R5T.X0009", "..\..\R5T.X0009\source\R5T.X0009\R5T.X0009.csproj", "{A81A3CF3-7ED1-4A6D-A8FF-34F2593C273A}"
EndProject
Project("{9A19103F-16F7-4668-BE54-9A1E7A4F7556}") = "R5T.Y0000", "..\..\R5T.Y0000\source\R5T.Y0000\R5T.Y0000.csproj", "{201619C4-D3DA-4DD1-BB09-1AAAE12BEEEA}"
EndProject
Project("{9A19103F-16F7-4668-BE54-9A1E7A4F7556}") = "R5T.Z0000", "..\..\R5T.Z0000\source\R5T.Z0000\R5T.Z0000.csproj", "{54EF881A-5A95-4013-BC24-717674F3649A}"
EndProject
Project("{9A19103F-16F7-4668-BE54-9A1E7A4F7556}") = "R5T.Z0002", "..\..\R5T.Z0002\source\R5T.Z0002\R5T.Z0002.csproj", "{A5228325-9E48-416B-AEF1-A7DE756BF4C5}"
EndProject
Project("{9A19103F-16F7-4668-BE54-9A1E7A4F7556}") = "R5T.Z0003", "..\..\R5T.Z0003\source\R5T.Z0003\R5T.Z0003.csproj", "{E5C9BBB7-8C77-41FD-B4E8-7219B9844A15}"
EndProject
Global
	GlobalSection(NestedProjects) = preSolution
		{23C456FC-2F21-44E8-A2C3-F8F2BE5D8B7A} = {88E624CE-06BF-45CF-B213-BF1121891EE1}
		{0DD981C4-D513-4AAE-A3B5-601A4E6AADCA} = {88E624CE-06BF-45CF-B213-BF1121891EE1}
		{A57949F1-593B-446E-9E2A-60116403CC1B} = {88E624CE-06BF-45CF-B213-BF1121891EE1}
		{41F9677D-B9CE-4002-8F32-39C3BE073F63} = {88E624CE-06BF-45CF-B213-BF1121891EE1}
		{C69BE202-11DF-4836-BC1C-BF06E97511BF} = {88E624CE-06BF-45CF-B213-BF1121891EE1}
		{1F1C1BFE-3003-4618-AF9C-B34022D8A7A9} = {88E624CE-06BF-45CF-B213-BF1121891EE1}
		{52A90FB2-FB0E-4762-9F27-1F1ABFF64BF7} = {88E624CE-06BF-45CF-B213-BF1121891EE1}
		{729AD128-939B-404B-8B46-F201BAC68BD3} = {88E624CE-06BF-45CF-B213-BF1121891EE1}
		{A0E78B26-02CA-4781-B460-2E7B44F7657D} = {88E624CE-06BF-45CF-B213-BF1121891EE1}
		{34E916AA-6A7C-4DF9-97E9-7402F00DE16A} = {88E624CE-06BF-45CF-B213-BF1121891EE1}
		{014CEAEB-9E27-4B03-BF9E-1FBE031E7859} = {88E624CE-06BF-45CF-B213-BF1121891EE1}
		{9D184A4B-927D-4894-9C4E-6004C7C60F28} = {88E624CE-06BF-45CF-B213-BF1121891EE1}
		{ABF2889C-A122-4558-BF2F-FDC4A03236A8} = {88E624CE-06BF-45CF-B213-BF1121891EE1}
		{2673DAEA-6D05-4EE2-90BF-AD9A2515EE4E} = {88E624CE-06BF-45CF-B213-BF1121891EE1}
		{CA87D1C1-BBB5-4DCB-B782-FC2F12624D44} = {88E624CE-06BF-45CF-B213-BF1121891EE1}
		{FA1DC4AF-B5AC-4B2B-840F-10D73F57388A} = {88E624CE-06BF-45CF-B213-BF1121891EE1}
		{40C243DB-8DF5-4BA7-B668-2B3EF8F7429B} = {88E624CE-06BF-45CF-B213-BF1121891EE1}
		{ADD16563-BC63-4986-800F-B42F738302B7} = {88E624CE-06BF-45CF-B213-BF1121891EE1}
		{9FCD318F-2EA8-452E-9827-A4FC64A46C55} = {88E624CE-06BF-45CF-B213-BF1121891EE1}
		{7FF63486-94BF-44DF-BEE4-52422ACC2C39} = {88E624CE-06BF-45CF-B213-BF1121891EE1}
		{31CA1C8E-678B-470B-BBB0-42FDE3C1345C} = {88E624CE-06BF-45CF-B213-BF1121891EE1}
		{A1A4A24B-BCF5-4A5D-85B0-224FFEF708BD} = {88E624CE-06BF-45CF-B213-BF1121891EE1}
		{6FF7D4D9-D8D3-411C-A33C-12193AD2D203} = {88E624CE-06BF-45CF-B213-BF1121891EE1}
		{A32F134D-748D-4D80-B899-F7ED85A7B6AD} = {88E624CE-06BF-45CF-B213-BF1121891EE1}
		{1A50F2D3-90B9-4A40-96C1-94C989DE1C4B} = {88E624CE-06BF-45CF-B213-BF1121891EE1}
		{4E9B756C-AB9F-4E13-8847-DAA928B0E636} = {88E624CE-06BF-45CF-B213-BF1121891EE1}
		{9EF79876-02FB-4302-B837-B92230F8860E} = {88E624CE-06BF-45CF-B213-BF1121891EE1}
		{A81A3CF3-7ED1-4A6D-A8FF-34F2593C273A} = {88E624CE-06BF-45CF-B213-BF1121891EE1}
		{201619C4-D3DA-4DD1-BB09-1AAAE12BEEEA} = {88E624CE-06BF-45CF-B213-BF1121891EE1}
		{54EF881A-5A95-4013-BC24-717674F3649A} = {88E624CE-06BF-45CF-B213-BF1121891EE1}
		{A5228325-9E48-416B-AEF1-A7DE756BF4C5} = {88E624CE-06BF-45CF-B213-BF1121891EE1}
		{E5C9BBB7-8C77-41FD-B4E8-7219B9844A15} = {88E624CE-06BF-45CF-B213-BF1121891EE1}
	EndGlobalSection
	GlobalSection(SolutionConfigurationPlatforms) = preSolution
		Debug|Any CPU = Debug|Any CPU
		Debug|x64 = Debug|x64
		Debug|x86 = Debug|x86
		Release|Any CPU = Release|Any CPU
		Release|x64 = Release|x64
		Release|x86 = Release|x86
	EndGlobalSection
	GlobalSection(ProjectConfigurationPlatforms) = postSolution
		{C68EB828-CA8C-400C-A7C2-A8BB75199AE5}.Debug|Any CPU.ActiveCfg = Debug|Any CPU
		{C68EB828-CA8C-400C-A7C2-A8BB75199AE5}.Debug|Any CPU.Build.0 = Debug|Any CPU
		{C68EB828-CA8C-400C-A7C2-A8BB75199AE5}.Debug|x64.ActiveCfg = Debug|Any CPU
		{C68EB828-CA8C-400C-A7C2-A8BB75199AE5}.Debug|x64.Build.0 = Debug|Any CPU
		{C68EB828-CA8C-400C-A7C2-A8BB75199AE5}.Debug|x86.ActiveCfg = Debug|Any CPU
		{C68EB828-CA8C-400C-A7C2-A8BB75199AE5}.Debug|x86.Build.0 = Debug|Any CPU
		{C68EB828-CA8C-400C-A7C2-A8BB75199AE5}.Release|Any CPU.ActiveCfg = Release|Any CPU
		{C68EB828-CA8C-400C-A7C2-A8BB75199AE5}.Release|Any CPU.Build.0 = Release|Any CPU
		{C68EB828-CA8C-400C-A7C2-A8BB75199AE5}.Release|x64.ActiveCfg = Release|Any CPU
		{C68EB828-CA8C-400C-A7C2-A8BB75199AE5}.Release|x64.Build.0 = Release|Any CPU
		{C68EB828-CA8C-400C-A7C2-A8BB75199AE5}.Release|x86.ActiveCfg = Release|Any CPU
		{C68EB828-CA8C-400C-A7C2-A8BB75199AE5}.Release|x86.Build.0 = Release|Any CPU
		{23C456FC-2F21-44E8-A2C3-F8F2BE5D8B7A}.Debug|Any CPU.ActiveCfg = Debug|Any CPU
		{23C456FC-2F21-44E8-A2C3-F8F2BE5D8B7A}.Debug|Any CPU.Build.0 = Debug|Any CPU
		{23C456FC-2F21-44E8-A2C3-F8F2BE5D8B7A}.Debug|x64.ActiveCfg = Debug|Any CPU
		{23C456FC-2F21-44E8-A2C3-F8F2BE5D8B7A}.Debug|x64.Build.0 = Debug|Any CPU
		{23C456FC-2F21-44E8-A2C3-F8F2BE5D8B7A}.Debug|x86.ActiveCfg = Debug|Any CPU
		{23C456FC-2F21-44E8-A2C3-F8F2BE5D8B7A}.Debug|x86.Build.0 = Debug|Any CPU
		{23C456FC-2F21-44E8-A2C3-F8F2BE5D8B7A}.Release|Any CPU.ActiveCfg = Release|Any CPU
		{23C456FC-2F21-44E8-A2C3-F8F2BE5D8B7A}.Release|Any CPU.Build.0 = Release|Any CPU
		{23C456FC-2F21-44E8-A2C3-F8F2BE5D8B7A}.Release|x64.ActiveCfg = Release|Any CPU
		{23C456FC-2F21-44E8-A2C3-F8F2BE5D8B7A}.Release|x64.Build.0 = Release|Any CPU
		{23C456FC-2F21-44E8-A2C3-F8F2BE5D8B7A}.Release|x86.ActiveCfg = Release|Any CPU
		{23C456FC-2F21-44E8-A2C3-F8F2BE5D8B7A}.Release|x86.Build.0 = Release|Any CPU
		{0DD981C4-D513-4AAE-A3B5-601A4E6AADCA}.Debug|Any CPU.ActiveCfg = Debug|Any CPU
		{0DD981C4-D513-4AAE-A3B5-601A4E6AADCA}.Debug|Any CPU.Build.0 = Debug|Any CPU
		{0DD981C4-D513-4AAE-A3B5-601A4E6AADCA}.Debug|x64.ActiveCfg = Debug|Any CPU
		{0DD981C4-D513-4AAE-A3B5-601A4E6AADCA}.Debug|x64.Build.0 = Debug|Any CPU
		{0DD981C4-D513-4AAE-A3B5-601A4E6AADCA}.Debug|x86.ActiveCfg = Debug|Any CPU
		{0DD981C4-D513-4AAE-A3B5-601A4E6AADCA}.Debug|x86.Build.0 = Debug|Any CPU
		{0DD981C4-D513-4AAE-A3B5-601A4E6AADCA}.Release|Any CPU.ActiveCfg = Release|Any CPU
		{0DD981C4-D513-4AAE-A3B5-601A4E6AADCA}.Release|Any CPU.Build.0 = Release|Any CPU
		{0DD981C4-D513-4AAE-A3B5-601A4E6AADCA}.Release|x64.ActiveCfg = Release|Any CPU
		{0DD981C4-D513-4AAE-A3B5-601A4E6AADCA}.Release|x64.Build.0 = Release|Any CPU
		{0DD981C4-D513-4AAE-A3B5-601A4E6AADCA}.Release|x86.ActiveCfg = Release|Any CPU
		{0DD981C4-D513-4AAE-A3B5-601A4E6AADCA}.Release|x86.Build.0 = Release|Any CPU
		{A57949F1-593B-446E-9E2A-60116403CC1B}.Debug|Any CPU.ActiveCfg = Debug|Any CPU
		{A57949F1-593B-446E-9E2A-60116403CC1B}.Debug|Any CPU.Build.0 = Debug|Any CPU
		{A57949F1-593B-446E-9E2A-60116403CC1B}.Debug|x64.ActiveCfg = Debug|Any CPU
		{A57949F1-593B-446E-9E2A-60116403CC1B}.Debug|x64.Build.0 = Debug|Any CPU
		{A57949F1-593B-446E-9E2A-60116403CC1B}.Debug|x86.ActiveCfg = Debug|Any CPU
		{A57949F1-593B-446E-9E2A-60116403CC1B}.Debug|x86.Build.0 = Debug|Any CPU
		{A57949F1-593B-446E-9E2A-60116403CC1B}.Release|Any CPU.ActiveCfg = Release|Any CPU
		{A57949F1-593B-446E-9E2A-60116403CC1B}.Release|Any CPU.Build.0 = Release|Any CPU
		{A57949F1-593B-446E-9E2A-60116403CC1B}.Release|x64.ActiveCfg = Release|Any CPU
		{A57949F1-593B-446E-9E2A-60116403CC1B}.Release|x64.Build.0 = Release|Any CPU
		{A57949F1-593B-446E-9E2A-60116403CC1B}.Release|x86.ActiveCfg = Release|Any CPU
		{A57949F1-593B-446E-9E2A-60116403CC1B}.Release|x86.Build.0 = Release|Any CPU
		{41F9677D-B9CE-4002-8F32-39C3BE073F63}.Debug|Any CPU.ActiveCfg = Debug|Any CPU
		{41F9677D-B9CE-4002-8F32-39C3BE073F63}.Debug|Any CPU.Build.0 = Debug|Any CPU
		{41F9677D-B9CE-4002-8F32-39C3BE073F63}.Debug|x64.ActiveCfg = Debug|Any CPU
		{41F9677D-B9CE-4002-8F32-39C3BE073F63}.Debug|x64.Build.0 = Debug|Any CPU
		{41F9677D-B9CE-4002-8F32-39C3BE073F63}.Debug|x86.ActiveCfg = Debug|Any CPU
		{41F9677D-B9CE-4002-8F32-39C3BE073F63}.Debug|x86.Build.0 = Debug|Any CPU
		{41F9677D-B9CE-4002-8F32-39C3BE073F63}.Release|Any CPU.ActiveCfg = Release|Any CPU
		{41F9677D-B9CE-4002-8F32-39C3BE073F63}.Release|Any CPU.Build.0 = Release|Any CPU
		{41F9677D-B9CE-4002-8F32-39C3BE073F63}.Release|x64.ActiveCfg = Release|Any CPU
		{41F9677D-B9CE-4002-8F32-39C3BE073F63}.Release|x64.Build.0 = Release|Any CPU
		{41F9677D-B9CE-4002-8F32-39C3BE073F63}.Release|x86.ActiveCfg = Release|Any CPU
		{41F9677D-B9CE-4002-8F32-39C3BE073F63}.Release|x86.Build.0 = Release|Any CPU
		{C69BE202-11DF-4836-BC1C-BF06E97511BF}.Debug|Any CPU.ActiveCfg = Debug|Any CPU
		{C69BE202-11DF-4836-BC1C-BF06E97511BF}.Debug|Any CPU.Build.0 = Debug|Any CPU
		{C69BE202-11DF-4836-BC1C-BF06E97511BF}.Debug|x64.ActiveCfg = Debug|Any CPU
		{C69BE202-11DF-4836-BC1C-BF06E97511BF}.Debug|x64.Build.0 = Debug|Any CPU
		{C69BE202-11DF-4836-BC1C-BF06E97511BF}.Debug|x86.ActiveCfg = Debug|Any CPU
		{C69BE202-11DF-4836-BC1C-BF06E97511BF}.Debug|x86.Build.0 = Debug|Any CPU
		{C69BE202-11DF-4836-BC1C-BF06E97511BF}.Release|Any CPU.ActiveCfg = Release|Any CPU
		{C69BE202-11DF-4836-BC1C-BF06E97511BF}.Release|Any CPU.Build.0 = Release|Any CPU
		{C69BE202-11DF-4836-BC1C-BF06E97511BF}.Release|x64.ActiveCfg = Release|Any CPU
		{C69BE202-11DF-4836-BC1C-BF06E97511BF}.Release|x64.Build.0 = Release|Any CPU
		{C69BE202-11DF-4836-BC1C-BF06E97511BF}.Release|x86.ActiveCfg = Release|Any CPU
		{C69BE202-11DF-4836-BC1C-BF06E97511BF}.Release|x86.Build.0 = Release|Any CPU
		{1F1C1BFE-3003-4618-AF9C-B34022D8A7A9}.Debug|Any CPU.ActiveCfg = Debug|Any CPU
		{1F1C1BFE-3003-4618-AF9C-B34022D8A7A9}.Debug|Any CPU.Build.0 = Debug|Any CPU
		{1F1C1BFE-3003-4618-AF9C-B34022D8A7A9}.Debug|x64.ActiveCfg = Debug|Any CPU
		{1F1C1BFE-3003-4618-AF9C-B34022D8A7A9}.Debug|x64.Build.0 = Debug|Any CPU
		{1F1C1BFE-3003-4618-AF9C-B34022D8A7A9}.Debug|x86.ActiveCfg = Debug|Any CPU
		{1F1C1BFE-3003-4618-AF9C-B34022D8A7A9}.Debug|x86.Build.0 = Debug|Any CPU
		{1F1C1BFE-3003-4618-AF9C-B34022D8A7A9}.Release|Any CPU.ActiveCfg = Release|Any CPU
		{1F1C1BFE-3003-4618-AF9C-B34022D8A7A9}.Release|Any CPU.Build.0 = Release|Any CPU
		{1F1C1BFE-3003-4618-AF9C-B34022D8A7A9}.Release|x64.ActiveCfg = Release|Any CPU
		{1F1C1BFE-3003-4618-AF9C-B34022D8A7A9}.Release|x64.Build.0 = Release|Any CPU
		{1F1C1BFE-3003-4618-AF9C-B34022D8A7A9}.Release|x86.ActiveCfg = Release|Any CPU
		{1F1C1BFE-3003-4618-AF9C-B34022D8A7A9}.Release|x86.Build.0 = Release|Any CPU
		{52A90FB2-FB0E-4762-9F27-1F1ABFF64BF7}.Debug|Any CPU.ActiveCfg = Debug|Any CPU
		{52A90FB2-FB0E-4762-9F27-1F1ABFF64BF7}.Debug|Any CPU.Build.0 = Debug|Any CPU
		{52A90FB2-FB0E-4762-9F27-1F1ABFF64BF7}.Debug|x64.ActiveCfg = Debug|Any CPU
		{52A90FB2-FB0E-4762-9F27-1F1ABFF64BF7}.Debug|x64.Build.0 = Debug|Any CPU
		{52A90FB2-FB0E-4762-9F27-1F1ABFF64BF7}.Debug|x86.ActiveCfg = Debug|Any CPU
		{52A90FB2-FB0E-4762-9F27-1F1ABFF64BF7}.Debug|x86.Build.0 = Debug|Any CPU
		{52A90FB2-FB0E-4762-9F27-1F1ABFF64BF7}.Release|Any CPU.ActiveCfg = Release|Any CPU
		{52A90FB2-FB0E-4762-9F27-1F1ABFF64BF7}.Release|Any CPU.Build.0 = Release|Any CPU
		{52A90FB2-FB0E-4762-9F27-1F1ABFF64BF7}.Release|x64.ActiveCfg = Release|Any CPU
		{52A90FB2-FB0E-4762-9F27-1F1ABFF64BF7}.Release|x64.Build.0 = Release|Any CPU
		{52A90FB2-FB0E-4762-9F27-1F1ABFF64BF7}.Release|x86.ActiveCfg = Release|Any CPU
		{52A90FB2-FB0E-4762-9F27-1F1ABFF64BF7}.Release|x86.Build.0 = Release|Any CPU
		{729AD128-939B-404B-8B46-F201BAC68BD3}.Debug|Any CPU.ActiveCfg = Debug|Any CPU
		{729AD128-939B-404B-8B46-F201BAC68BD3}.Debug|Any CPU.Build.0 = Debug|Any CPU
		{729AD128-939B-404B-8B46-F201BAC68BD3}.Debug|x64.ActiveCfg = Debug|Any CPU
		{729AD128-939B-404B-8B46-F201BAC68BD3}.Debug|x64.Build.0 = Debug|Any CPU
		{729AD128-939B-404B-8B46-F201BAC68BD3}.Debug|x86.ActiveCfg = Debug|Any CPU
		{729AD128-939B-404B-8B46-F201BAC68BD3}.Debug|x86.Build.0 = Debug|Any CPU
		{729AD128-939B-404B-8B46-F201BAC68BD3}.Release|Any CPU.ActiveCfg = Release|Any CPU
		{729AD128-939B-404B-8B46-F201BAC68BD3}.Release|Any CPU.Build.0 = Release|Any CPU
		{729AD128-939B-404B-8B46-F201BAC68BD3}.Release|x64.ActiveCfg = Release|Any CPU
		{729AD128-939B-404B-8B46-F201BAC68BD3}.Release|x64.Build.0 = Release|Any CPU
		{729AD128-939B-404B-8B46-F201BAC68BD3}.Release|x86.ActiveCfg = Release|Any CPU
		{729AD128-939B-404B-8B46-F201BAC68BD3}.Release|x86.Build.0 = Release|Any CPU
		{A0E78B26-02CA-4781-B460-2E7B44F7657D}.Debug|Any CPU.ActiveCfg = Debug|Any CPU
		{A0E78B26-02CA-4781-B460-2E7B44F7657D}.Debug|Any CPU.Build.0 = Debug|Any CPU
		{A0E78B26-02CA-4781-B460-2E7B44F7657D}.Debug|x64.ActiveCfg = Debug|Any CPU
		{A0E78B26-02CA-4781-B460-2E7B44F7657D}.Debug|x64.Build.0 = Debug|Any CPU
		{A0E78B26-02CA-4781-B460-2E7B44F7657D}.Debug|x86.ActiveCfg = Debug|Any CPU
		{A0E78B26-02CA-4781-B460-2E7B44F7657D}.Debug|x86.Build.0 = Debug|Any CPU
		{A0E78B26-02CA-4781-B460-2E7B44F7657D}.Release|Any CPU.ActiveCfg = Release|Any CPU
		{A0E78B26-02CA-4781-B460-2E7B44F7657D}.Release|Any CPU.Build.0 = Release|Any CPU
		{A0E78B26-02CA-4781-B460-2E7B44F7657D}.Release|x64.ActiveCfg = Release|Any CPU
		{A0E78B26-02CA-4781-B460-2E7B44F7657D}.Release|x64.Build.0 = Release|Any CPU
		{A0E78B26-02CA-4781-B460-2E7B44F7657D}.Release|x86.ActiveCfg = Release|Any CPU
		{A0E78B26-02CA-4781-B460-2E7B44F7657D}.Release|x86.Build.0 = Release|Any CPU
		{34E916AA-6A7C-4DF9-97E9-7402F00DE16A}.Debug|Any CPU.ActiveCfg = Debug|Any CPU
		{34E916AA-6A7C-4DF9-97E9-7402F00DE16A}.Debug|Any CPU.Build.0 = Debug|Any CPU
		{34E916AA-6A7C-4DF9-97E9-7402F00DE16A}.Debug|x64.ActiveCfg = Debug|Any CPU
		{34E916AA-6A7C-4DF9-97E9-7402F00DE16A}.Debug|x64.Build.0 = Debug|Any CPU
		{34E916AA-6A7C-4DF9-97E9-7402F00DE16A}.Debug|x86.ActiveCfg = Debug|Any CPU
		{34E916AA-6A7C-4DF9-97E9-7402F00DE16A}.Debug|x86.Build.0 = Debug|Any CPU
		{34E916AA-6A7C-4DF9-97E9-7402F00DE16A}.Release|Any CPU.ActiveCfg = Release|Any CPU
		{34E916AA-6A7C-4DF9-97E9-7402F00DE16A}.Release|Any CPU.Build.0 = Release|Any CPU
		{34E916AA-6A7C-4DF9-97E9-7402F00DE16A}.Release|x64.ActiveCfg = Release|Any CPU
		{34E916AA-6A7C-4DF9-97E9-7402F00DE16A}.Release|x64.Build.0 = Release|Any CPU
		{34E916AA-6A7C-4DF9-97E9-7402F00DE16A}.Release|x86.ActiveCfg = Release|Any CPU
		{34E916AA-6A7C-4DF9-97E9-7402F00DE16A}.Release|x86.Build.0 = Release|Any CPU
		{014CEAEB-9E27-4B03-BF9E-1FBE031E7859}.Debug|Any CPU.ActiveCfg = Debug|Any CPU
		{014CEAEB-9E27-4B03-BF9E-1FBE031E7859}.Debug|Any CPU.Build.0 = Debug|Any CPU
		{014CEAEB-9E27-4B03-BF9E-1FBE031E7859}.Debug|x64.ActiveCfg = Debug|Any CPU
		{014CEAEB-9E27-4B03-BF9E-1FBE031E7859}.Debug|x64.Build.0 = Debug|Any CPU
		{014CEAEB-9E27-4B03-BF9E-1FBE031E7859}.Debug|x86.ActiveCfg = Debug|Any CPU
		{014CEAEB-9E27-4B03-BF9E-1FBE031E7859}.Debug|x86.Build.0 = Debug|Any CPU
		{014CEAEB-9E27-4B03-BF9E-1FBE031E7859}.Release|Any CPU.ActiveCfg = Release|Any CPU
		{014CEAEB-9E27-4B03-BF9E-1FBE031E7859}.Release|Any CPU.Build.0 = Release|Any CPU
		{014CEAEB-9E27-4B03-BF9E-1FBE031E7859}.Release|x64.ActiveCfg = Release|Any CPU
		{014CEAEB-9E27-4B03-BF9E-1FBE031E7859}.Release|x64.Build.0 = Release|Any CPU
		{014CEAEB-9E27-4B03-BF9E-1FBE031E7859}.Release|x86.ActiveCfg = Release|Any CPU
		{014CEAEB-9E27-4B03-BF9E-1FBE031E7859}.Release|x86.Build.0 = Release|Any CPU
		{9D184A4B-927D-4894-9C4E-6004C7C60F28}.Debug|Any CPU.ActiveCfg = Debug|Any CPU
		{9D184A4B-927D-4894-9C4E-6004C7C60F28}.Debug|Any CPU.Build.0 = Debug|Any CPU
		{9D184A4B-927D-4894-9C4E-6004C7C60F28}.Debug|x64.ActiveCfg = Debug|Any CPU
		{9D184A4B-927D-4894-9C4E-6004C7C60F28}.Debug|x64.Build.0 = Debug|Any CPU
		{9D184A4B-927D-4894-9C4E-6004C7C60F28}.Debug|x86.ActiveCfg = Debug|Any CPU
		{9D184A4B-927D-4894-9C4E-6004C7C60F28}.Debug|x86.Build.0 = Debug|Any CPU
		{9D184A4B-927D-4894-9C4E-6004C7C60F28}.Release|Any CPU.ActiveCfg = Release|Any CPU
		{9D184A4B-927D-4894-9C4E-6004C7C60F28}.Release|Any CPU.Build.0 = Release|Any CPU
		{9D184A4B-927D-4894-9C4E-6004C7C60F28}.Release|x64.ActiveCfg = Release|Any CPU
		{9D184A4B-927D-4894-9C4E-6004C7C60F28}.Release|x64.Build.0 = Release|Any CPU
		{9D184A4B-927D-4894-9C4E-6004C7C60F28}.Release|x86.ActiveCfg = Release|Any CPU
		{9D184A4B-927D-4894-9C4E-6004C7C60F28}.Release|x86.Build.0 = Release|Any CPU
		{ABF2889C-A122-4558-BF2F-FDC4A03236A8}.Debug|Any CPU.ActiveCfg = Debug|Any CPU
		{ABF2889C-A122-4558-BF2F-FDC4A03236A8}.Debug|Any CPU.Build.0 = Debug|Any CPU
		{ABF2889C-A122-4558-BF2F-FDC4A03236A8}.Debug|x64.ActiveCfg = Debug|Any CPU
		{ABF2889C-A122-4558-BF2F-FDC4A03236A8}.Debug|x64.Build.0 = Debug|Any CPU
		{ABF2889C-A122-4558-BF2F-FDC4A03236A8}.Debug|x86.ActiveCfg = Debug|Any CPU
		{ABF2889C-A122-4558-BF2F-FDC4A03236A8}.Debug|x86.Build.0 = Debug|Any CPU
		{ABF2889C-A122-4558-BF2F-FDC4A03236A8}.Release|Any CPU.ActiveCfg = Release|Any CPU
		{ABF2889C-A122-4558-BF2F-FDC4A03236A8}.Release|Any CPU.Build.0 = Release|Any CPU
		{ABF2889C-A122-4558-BF2F-FDC4A03236A8}.Release|x64.ActiveCfg = Release|Any CPU
		{ABF2889C-A122-4558-BF2F-FDC4A03236A8}.Release|x64.Build.0 = Release|Any CPU
		{ABF2889C-A122-4558-BF2F-FDC4A03236A8}.Release|x86.ActiveCfg = Release|Any CPU
		{ABF2889C-A122-4558-BF2F-FDC4A03236A8}.Release|x86.Build.0 = Release|Any CPU
		{2673DAEA-6D05-4EE2-90BF-AD9A2515EE4E}.Debug|Any CPU.ActiveCfg = Debug|Any CPU
		{2673DAEA-6D05-4EE2-90BF-AD9A2515EE4E}.Debug|Any CPU.Build.0 = Debug|Any CPU
		{2673DAEA-6D05-4EE2-90BF-AD9A2515EE4E}.Debug|x64.ActiveCfg = Debug|Any CPU
		{2673DAEA-6D05-4EE2-90BF-AD9A2515EE4E}.Debug|x64.Build.0 = Debug|Any CPU
		{2673DAEA-6D05-4EE2-90BF-AD9A2515EE4E}.Debug|x86.ActiveCfg = Debug|Any CPU
		{2673DAEA-6D05-4EE2-90BF-AD9A2515EE4E}.Debug|x86.Build.0 = Debug|Any CPU
		{2673DAEA-6D05-4EE2-90BF-AD9A2515EE4E}.Release|Any CPU.ActiveCfg = Release|Any CPU
		{2673DAEA-6D05-4EE2-90BF-AD9A2515EE4E}.Release|Any CPU.Build.0 = Release|Any CPU
		{2673DAEA-6D05-4EE2-90BF-AD9A2515EE4E}.Release|x64.ActiveCfg = Release|Any CPU
		{2673DAEA-6D05-4EE2-90BF-AD9A2515EE4E}.Release|x64.Build.0 = Release|Any CPU
		{2673DAEA-6D05-4EE2-90BF-AD9A2515EE4E}.Release|x86.ActiveCfg = Release|Any CPU
		{2673DAEA-6D05-4EE2-90BF-AD9A2515EE4E}.Release|x86.Build.0 = Release|Any CPU
		{CA87D1C1-BBB5-4DCB-B782-FC2F12624D44}.Debug|Any CPU.ActiveCfg = Debug|Any CPU
		{CA87D1C1-BBB5-4DCB-B782-FC2F12624D44}.Debug|Any CPU.Build.0 = Debug|Any CPU
		{CA87D1C1-BBB5-4DCB-B782-FC2F12624D44}.Debug|x64.ActiveCfg = Debug|Any CPU
		{CA87D1C1-BBB5-4DCB-B782-FC2F12624D44}.Debug|x64.Build.0 = Debug|Any CPU
		{CA87D1C1-BBB5-4DCB-B782-FC2F12624D44}.Debug|x86.ActiveCfg = Debug|Any CPU
		{CA87D1C1-BBB5-4DCB-B782-FC2F12624D44}.Debug|x86.Build.0 = Debug|Any CPU
		{CA87D1C1-BBB5-4DCB-B782-FC2F12624D44}.Release|Any CPU.ActiveCfg = Release|Any CPU
		{CA87D1C1-BBB5-4DCB-B782-FC2F12624D44}.Release|Any CPU.Build.0 = Release|Any CPU
		{CA87D1C1-BBB5-4DCB-B782-FC2F12624D44}.Release|x64.ActiveCfg = Release|Any CPU
		{CA87D1C1-BBB5-4DCB-B782-FC2F12624D44}.Release|x64.Build.0 = Release|Any CPU
		{CA87D1C1-BBB5-4DCB-B782-FC2F12624D44}.Release|x86.ActiveCfg = Release|Any CPU
		{CA87D1C1-BBB5-4DCB-B782-FC2F12624D44}.Release|x86.Build.0 = Release|Any CPU
		{FA1DC4AF-B5AC-4B2B-840F-10D73F57388A}.Debug|Any CPU.ActiveCfg = Debug|Any CPU
		{FA1DC4AF-B5AC-4B2B-840F-10D73F57388A}.Debug|Any CPU.Build.0 = Debug|Any CPU
		{FA1DC4AF-B5AC-4B2B-840F-10D73F57388A}.Debug|x64.ActiveCfg = Debug|Any CPU
		{FA1DC4AF-B5AC-4B2B-840F-10D73F57388A}.Debug|x64.Build.0 = Debug|Any CPU
		{FA1DC4AF-B5AC-4B2B-840F-10D73F57388A}.Debug|x86.ActiveCfg = Debug|Any CPU
		{FA1DC4AF-B5AC-4B2B-840F-10D73F57388A}.Debug|x86.Build.0 = Debug|Any CPU
		{FA1DC4AF-B5AC-4B2B-840F-10D73F57388A}.Release|Any CPU.ActiveCfg = Release|Any CPU
		{FA1DC4AF-B5AC-4B2B-840F-10D73F57388A}.Release|Any CPU.Build.0 = Release|Any CPU
		{FA1DC4AF-B5AC-4B2B-840F-10D73F57388A}.Release|x64.ActiveCfg = Release|Any CPU
		{FA1DC4AF-B5AC-4B2B-840F-10D73F57388A}.Release|x64.Build.0 = Release|Any CPU
		{FA1DC4AF-B5AC-4B2B-840F-10D73F57388A}.Release|x86.ActiveCfg = Release|Any CPU
		{FA1DC4AF-B5AC-4B2B-840F-10D73F57388A}.Release|x86.Build.0 = Release|Any CPU
		{40C243DB-8DF5-4BA7-B668-2B3EF8F7429B}.Debug|Any CPU.ActiveCfg = Debug|Any CPU
		{40C243DB-8DF5-4BA7-B668-2B3EF8F7429B}.Debug|Any CPU.Build.0 = Debug|Any CPU
		{40C243DB-8DF5-4BA7-B668-2B3EF8F7429B}.Debug|x64.ActiveCfg = Debug|Any CPU
		{40C243DB-8DF5-4BA7-B668-2B3EF8F7429B}.Debug|x64.Build.0 = Debug|Any CPU
		{40C243DB-8DF5-4BA7-B668-2B3EF8F7429B}.Debug|x86.ActiveCfg = Debug|Any CPU
		{40C243DB-8DF5-4BA7-B668-2B3EF8F7429B}.Debug|x86.Build.0 = Debug|Any CPU
		{40C243DB-8DF5-4BA7-B668-2B3EF8F7429B}.Release|Any CPU.ActiveCfg = Release|Any CPU
		{40C243DB-8DF5-4BA7-B668-2B3EF8F7429B}.Release|Any CPU.Build.0 = Release|Any CPU
		{40C243DB-8DF5-4BA7-B668-2B3EF8F7429B}.Release|x64.ActiveCfg = Release|Any CPU
		{40C243DB-8DF5-4BA7-B668-2B3EF8F7429B}.Release|x64.Build.0 = Release|Any CPU
		{40C243DB-8DF5-4BA7-B668-2B3EF8F7429B}.Release|x86.ActiveCfg = Release|Any CPU
		{40C243DB-8DF5-4BA7-B668-2B3EF8F7429B}.Release|x86.Build.0 = Release|Any CPU
		{ADD16563-BC63-4986-800F-B42F738302B7}.Debug|Any CPU.ActiveCfg = Debug|Any CPU
		{ADD16563-BC63-4986-800F-B42F738302B7}.Debug|Any CPU.Build.0 = Debug|Any CPU
		{ADD16563-BC63-4986-800F-B42F738302B7}.Debug|x64.ActiveCfg = Debug|Any CPU
		{ADD16563-BC63-4986-800F-B42F738302B7}.Debug|x64.Build.0 = Debug|Any CPU
		{ADD16563-BC63-4986-800F-B42F738302B7}.Debug|x86.ActiveCfg = Debug|Any CPU
		{ADD16563-BC63-4986-800F-B42F738302B7}.Debug|x86.Build.0 = Debug|Any CPU
		{ADD16563-BC63-4986-800F-B42F738302B7}.Release|Any CPU.ActiveCfg = Release|Any CPU
		{ADD16563-BC63-4986-800F-B42F738302B7}.Release|Any CPU.Build.0 = Release|Any CPU
		{ADD16563-BC63-4986-800F-B42F738302B7}.Release|x64.ActiveCfg = Release|Any CPU
		{ADD16563-BC63-4986-800F-B42F738302B7}.Release|x64.Build.0 = Release|Any CPU
		{ADD16563-BC63-4986-800F-B42F738302B7}.Release|x86.ActiveCfg = Release|Any CPU
		{ADD16563-BC63-4986-800F-B42F738302B7}.Release|x86.Build.0 = Release|Any CPU
		{9FCD318F-2EA8-452E-9827-A4FC64A46C55}.Debug|Any CPU.ActiveCfg = Debug|Any CPU
		{9FCD318F-2EA8-452E-9827-A4FC64A46C55}.Debug|Any CPU.Build.0 = Debug|Any CPU
		{9FCD318F-2EA8-452E-9827-A4FC64A46C55}.Debug|x64.ActiveCfg = Debug|Any CPU
		{9FCD318F-2EA8-452E-9827-A4FC64A46C55}.Debug|x64.Build.0 = Debug|Any CPU
		{9FCD318F-2EA8-452E-9827-A4FC64A46C55}.Debug|x86.ActiveCfg = Debug|Any CPU
		{9FCD318F-2EA8-452E-9827-A4FC64A46C55}.Debug|x86.Build.0 = Debug|Any CPU
		{9FCD318F-2EA8-452E-9827-A4FC64A46C55}.Release|Any CPU.ActiveCfg = Release|Any CPU
		{9FCD318F-2EA8-452E-9827-A4FC64A46C55}.Release|Any CPU.Build.0 = Release|Any CPU
		{9FCD318F-2EA8-452E-9827-A4FC64A46C55}.Release|x64.ActiveCfg = Release|Any CPU
		{9FCD318F-2EA8-452E-9827-A4FC64A46C55}.Release|x64.Build.0 = Release|Any CPU
		{9FCD318F-2EA8-452E-9827-A4FC64A46C55}.Release|x86.ActiveCfg = Release|Any CPU
		{9FCD318F-2EA8-452E-9827-A4FC64A46C55}.Release|x86.Build.0 = Release|Any CPU
		{7FF63486-94BF-44DF-BEE4-52422ACC2C39}.Debug|Any CPU.ActiveCfg = Debug|Any CPU
		{7FF63486-94BF-44DF-BEE4-52422ACC2C39}.Debug|Any CPU.Build.0 = Debug|Any CPU
		{7FF63486-94BF-44DF-BEE4-52422ACC2C39}.Debug|x64.ActiveCfg = Debug|Any CPU
		{7FF63486-94BF-44DF-BEE4-52422ACC2C39}.Debug|x64.Build.0 = Debug|Any CPU
		{7FF63486-94BF-44DF-BEE4-52422ACC2C39}.Debug|x86.ActiveCfg = Debug|Any CPU
		{7FF63486-94BF-44DF-BEE4-52422ACC2C39}.Debug|x86.Build.0 = Debug|Any CPU
		{7FF63486-94BF-44DF-BEE4-52422ACC2C39}.Release|Any CPU.ActiveCfg = Release|Any CPU
		{7FF63486-94BF-44DF-BEE4-52422ACC2C39}.Release|Any CPU.Build.0 = Release|Any CPU
		{7FF63486-94BF-44DF-BEE4-52422ACC2C39}.Release|x64.ActiveCfg = Release|Any CPU
		{7FF63486-94BF-44DF-BEE4-52422ACC2C39}.Release|x64.Build.0 = Release|Any CPU
		{7FF63486-94BF-44DF-BEE4-52422ACC2C39}.Release|x86.ActiveCfg = Release|Any CPU
		{7FF63486-94BF-44DF-BEE4-52422ACC2C39}.Release|x86.Build.0 = Release|Any CPU
		{31CA1C8E-678B-470B-BBB0-42FDE3C1345C}.Debug|Any CPU.ActiveCfg = Debug|Any CPU
		{31CA1C8E-678B-470B-BBB0-42FDE3C1345C}.Debug|Any CPU.Build.0 = Debug|Any CPU
		{31CA1C8E-678B-470B-BBB0-42FDE3C1345C}.Debug|x64.ActiveCfg = Debug|Any CPU
		{31CA1C8E-678B-470B-BBB0-42FDE3C1345C}.Debug|x64.Build.0 = Debug|Any CPU
		{31CA1C8E-678B-470B-BBB0-42FDE3C1345C}.Debug|x86.ActiveCfg = Debug|Any CPU
		{31CA1C8E-678B-470B-BBB0-42FDE3C1345C}.Debug|x86.Build.0 = Debug|Any CPU
		{31CA1C8E-678B-470B-BBB0-42FDE3C1345C}.Release|Any CPU.ActiveCfg = Release|Any CPU
		{31CA1C8E-678B-470B-BBB0-42FDE3C1345C}.Release|Any CPU.Build.0 = Release|Any CPU
		{31CA1C8E-678B-470B-BBB0-42FDE3C1345C}.Release|x64.ActiveCfg = Release|Any CPU
		{31CA1C8E-678B-470B-BBB0-42FDE3C1345C}.Release|x64.Build.0 = Release|Any CPU
		{31CA1C8E-678B-470B-BBB0-42FDE3C1345C}.Release|x86.ActiveCfg = Release|Any CPU
		{31CA1C8E-678B-470B-BBB0-42FDE3C1345C}.Release|x86.Build.0 = Release|Any CPU
		{A1A4A24B-BCF5-4A5D-85B0-224FFEF708BD}.Debug|Any CPU.ActiveCfg = Debug|Any CPU
		{A1A4A24B-BCF5-4A5D-85B0-224FFEF708BD}.Debug|Any CPU.Build.0 = Debug|Any CPU
		{A1A4A24B-BCF5-4A5D-85B0-224FFEF708BD}.Debug|x64.ActiveCfg = Debug|Any CPU
		{A1A4A24B-BCF5-4A5D-85B0-224FFEF708BD}.Debug|x64.Build.0 = Debug|Any CPU
		{A1A4A24B-BCF5-4A5D-85B0-224FFEF708BD}.Debug|x86.ActiveCfg = Debug|Any CPU
		{A1A4A24B-BCF5-4A5D-85B0-224FFEF708BD}.Debug|x86.Build.0 = Debug|Any CPU
		{A1A4A24B-BCF5-4A5D-85B0-224FFEF708BD}.Release|Any CPU.ActiveCfg = Release|Any CPU
		{A1A4A24B-BCF5-4A5D-85B0-224FFEF708BD}.Release|Any CPU.Build.0 = Release|Any CPU
		{A1A4A24B-BCF5-4A5D-85B0-224FFEF708BD}.Release|x64.ActiveCfg = Release|Any CPU
		{A1A4A24B-BCF5-4A5D-85B0-224FFEF708BD}.Release|x64.Build.0 = Release|Any CPU
		{A1A4A24B-BCF5-4A5D-85B0-224FFEF708BD}.Release|x86.ActiveCfg = Release|Any CPU
		{A1A4A24B-BCF5-4A5D-85B0-224FFEF708BD}.Release|x86.Build.0 = Release|Any CPU
		{6FF7D4D9-D8D3-411C-A33C-12193AD2D203}.Debug|Any CPU.ActiveCfg = Debug|Any CPU
		{6FF7D4D9-D8D3-411C-A33C-12193AD2D203}.Debug|Any CPU.Build.0 = Debug|Any CPU
		{6FF7D4D9-D8D3-411C-A33C-12193AD2D203}.Debug|x64.ActiveCfg = Debug|Any CPU
		{6FF7D4D9-D8D3-411C-A33C-12193AD2D203}.Debug|x64.Build.0 = Debug|Any CPU
		{6FF7D4D9-D8D3-411C-A33C-12193AD2D203}.Debug|x86.ActiveCfg = Debug|Any CPU
		{6FF7D4D9-D8D3-411C-A33C-12193AD2D203}.Debug|x86.Build.0 = Debug|Any CPU
		{6FF7D4D9-D8D3-411C-A33C-12193AD2D203}.Release|Any CPU.ActiveCfg = Release|Any CPU
		{6FF7D4D9-D8D3-411C-A33C-12193AD2D203}.Release|Any CPU.Build.0 = Release|Any CPU
		{6FF7D4D9-D8D3-411C-A33C-12193AD2D203}.Release|x64.ActiveCfg = Release|Any CPU
		{6FF7D4D9-D8D3-411C-A33C-12193AD2D203}.Release|x64.Build.0 = Release|Any CPU
		{6FF7D4D9-D8D3-411C-A33C-12193AD2D203}.Release|x86.ActiveCfg = Release|Any CPU
		{6FF7D4D9-D8D3-411C-A33C-12193AD2D203}.Release|x86.Build.0 = Release|Any CPU
		{A32F134D-748D-4D80-B899-F7ED85A7B6AD}.Debug|Any CPU.ActiveCfg = Debug|Any CPU
		{A32F134D-748D-4D80-B899-F7ED85A7B6AD}.Debug|Any CPU.Build.0 = Debug|Any CPU
		{A32F134D-748D-4D80-B899-F7ED85A7B6AD}.Debug|x64.ActiveCfg = Debug|Any CPU
		{A32F134D-748D-4D80-B899-F7ED85A7B6AD}.Debug|x64.Build.0 = Debug|Any CPU
		{A32F134D-748D-4D80-B899-F7ED85A7B6AD}.Debug|x86.ActiveCfg = Debug|Any CPU
		{A32F134D-748D-4D80-B899-F7ED85A7B6AD}.Debug|x86.Build.0 = Debug|Any CPU
		{A32F134D-748D-4D80-B899-F7ED85A7B6AD}.Release|Any CPU.ActiveCfg = Release|Any CPU
		{A32F134D-748D-4D80-B899-F7ED85A7B6AD}.Release|Any CPU.Build.0 = Release|Any CPU
		{A32F134D-748D-4D80-B899-F7ED85A7B6AD}.Release|x64.ActiveCfg = Release|Any CPU
		{A32F134D-748D-4D80-B899-F7ED85A7B6AD}.Release|x64.Build.0 = Release|Any CPU
		{A32F134D-748D-4D80-B899-F7ED85A7B6AD}.Release|x86.ActiveCfg = Release|Any CPU
		{A32F134D-748D-4D80-B899-F7ED85A7B6AD}.Release|x86.Build.0 = Release|Any CPU
		{1A50F2D3-90B9-4A40-96C1-94C989DE1C4B}.Debug|Any CPU.ActiveCfg = Debug|Any CPU
		{1A50F2D3-90B9-4A40-96C1-94C989DE1C4B}.Debug|Any CPU.Build.0 = Debug|Any CPU
		{1A50F2D3-90B9-4A40-96C1-94C989DE1C4B}.Debug|x64.ActiveCfg = Debug|Any CPU
		{1A50F2D3-90B9-4A40-96C1-94C989DE1C4B}.Debug|x64.Build.0 = Debug|Any CPU
		{1A50F2D3-90B9-4A40-96C1-94C989DE1C4B}.Debug|x86.ActiveCfg = Debug|Any CPU
		{1A50F2D3-90B9-4A40-96C1-94C989DE1C4B}.Debug|x86.Build.0 = Debug|Any CPU
		{1A50F2D3-90B9-4A40-96C1-94C989DE1C4B}.Release|Any CPU.ActiveCfg = Release|Any CPU
		{1A50F2D3-90B9-4A40-96C1-94C989DE1C4B}.Release|Any CPU.Build.0 = Release|Any CPU
		{1A50F2D3-90B9-4A40-96C1-94C989DE1C4B}.Release|x64.ActiveCfg = Release|Any CPU
		{1A50F2D3-90B9-4A40-96C1-94C989DE1C4B}.Release|x64.Build.0 = Release|Any CPU
		{1A50F2D3-90B9-4A40-96C1-94C989DE1C4B}.Release|x86.ActiveCfg = Release|Any CPU
		{1A50F2D3-90B9-4A40-96C1-94C989DE1C4B}.Release|x86.Build.0 = Release|Any CPU
		{4E9B756C-AB9F-4E13-8847-DAA928B0E636}.Debug|Any CPU.ActiveCfg = Debug|Any CPU
		{4E9B756C-AB9F-4E13-8847-DAA928B0E636}.Debug|Any CPU.Build.0 = Debug|Any CPU
		{4E9B756C-AB9F-4E13-8847-DAA928B0E636}.Debug|x64.ActiveCfg = Debug|Any CPU
		{4E9B756C-AB9F-4E13-8847-DAA928B0E636}.Debug|x64.Build.0 = Debug|Any CPU
		{4E9B756C-AB9F-4E13-8847-DAA928B0E636}.Debug|x86.ActiveCfg = Debug|Any CPU
		{4E9B756C-AB9F-4E13-8847-DAA928B0E636}.Debug|x86.Build.0 = Debug|Any CPU
		{4E9B756C-AB9F-4E13-8847-DAA928B0E636}.Release|Any CPU.ActiveCfg = Release|Any CPU
		{4E9B756C-AB9F-4E13-8847-DAA928B0E636}.Release|Any CPU.Build.0 = Release|Any CPU
		{4E9B756C-AB9F-4E13-8847-DAA928B0E636}.Release|x64.ActiveCfg = Release|Any CPU
		{4E9B756C-AB9F-4E13-8847-DAA928B0E636}.Release|x64.Build.0 = Release|Any CPU
		{4E9B756C-AB9F-4E13-8847-DAA928B0E636}.Release|x86.ActiveCfg = Release|Any CPU
		{4E9B756C-AB9F-4E13-8847-DAA928B0E636}.Release|x86.Build.0 = Release|Any CPU
		{9EF79876-02FB-4302-B837-B92230F8860E}.Debug|Any CPU.ActiveCfg = Debug|Any CPU
		{9EF79876-02FB-4302-B837-B92230F8860E}.Debug|Any CPU.Build.0 = Debug|Any CPU
		{9EF79876-02FB-4302-B837-B92230F8860E}.Debug|x64.ActiveCfg = Debug|Any CPU
		{9EF79876-02FB-4302-B837-B92230F8860E}.Debug|x64.Build.0 = Debug|Any CPU
		{9EF79876-02FB-4302-B837-B92230F8860E}.Debug|x86.ActiveCfg = Debug|Any CPU
		{9EF79876-02FB-4302-B837-B92230F8860E}.Debug|x86.Build.0 = Debug|Any CPU
		{9EF79876-02FB-4302-B837-B92230F8860E}.Release|Any CPU.ActiveCfg = Release|Any CPU
		{9EF79876-02FB-4302-B837-B92230F8860E}.Release|Any CPU.Build.0 = Release|Any CPU
		{9EF79876-02FB-4302-B837-B92230F8860E}.Release|x64.ActiveCfg = Release|Any CPU
		{9EF79876-02FB-4302-B837-B92230F8860E}.Release|x64.Build.0 = Release|Any CPU
		{9EF79876-02FB-4302-B837-B92230F8860E}.Release|x86.ActiveCfg = Release|Any CPU
		{9EF79876-02FB-4302-B837-B92230F8860E}.Release|x86.Build.0 = Release|Any CPU
		{A81A3CF3-7ED1-4A6D-A8FF-34F2593C273A}.Debug|Any CPU.ActiveCfg = Debug|Any CPU
		{A81A3CF3-7ED1-4A6D-A8FF-34F2593C273A}.Debug|Any CPU.Build.0 = Debug|Any CPU
		{A81A3CF3-7ED1-4A6D-A8FF-34F2593C273A}.Debug|x64.ActiveCfg = Debug|Any CPU
		{A81A3CF3-7ED1-4A6D-A8FF-34F2593C273A}.Debug|x64.Build.0 = Debug|Any CPU
		{A81A3CF3-7ED1-4A6D-A8FF-34F2593C273A}.Debug|x86.ActiveCfg = Debug|Any CPU
		{A81A3CF3-7ED1-4A6D-A8FF-34F2593C273A}.Debug|x86.Build.0 = Debug|Any CPU
		{A81A3CF3-7ED1-4A6D-A8FF-34F2593C273A}.Release|Any CPU.ActiveCfg = Release|Any CPU
		{A81A3CF3-7ED1-4A6D-A8FF-34F2593C273A}.Release|Any CPU.Build.0 = Release|Any CPU
		{A81A3CF3-7ED1-4A6D-A8FF-34F2593C273A}.Release|x64.ActiveCfg = Release|Any CPU
		{A81A3CF3-7ED1-4A6D-A8FF-34F2593C273A}.Release|x64.Build.0 = Release|Any CPU
		{A81A3CF3-7ED1-4A6D-A8FF-34F2593C273A}.Release|x86.ActiveCfg = Release|Any CPU
		{A81A3CF3-7ED1-4A6D-A8FF-34F2593C273A}.Release|x86.Build.0 = Release|Any CPU
		{201619C4-D3DA-4DD1-BB09-1AAAE12BEEEA}.Debug|Any CPU.ActiveCfg = Debug|Any CPU
		{201619C4-D3DA-4DD1-BB09-1AAAE12BEEEA}.Debug|Any CPU.Build.0 = Debug|Any CPU
		{201619C4-D3DA-4DD1-BB09-1AAAE12BEEEA}.Debug|x64.ActiveCfg = Debug|Any CPU
		{201619C4-D3DA-4DD1-BB09-1AAAE12BEEEA}.Debug|x64.Build.0 = Debug|Any CPU
		{201619C4-D3DA-4DD1-BB09-1AAAE12BEEEA}.Debug|x86.ActiveCfg = Debug|Any CPU
		{201619C4-D3DA-4DD1-BB09-1AAAE12BEEEA}.Debug|x86.Build.0 = Debug|Any CPU
		{201619C4-D3DA-4DD1-BB09-1AAAE12BEEEA}.Release|Any CPU.ActiveCfg = Release|Any CPU
		{201619C4-D3DA-4DD1-BB09-1AAAE12BEEEA}.Release|Any CPU.Build.0 = Release|Any CPU
		{201619C4-D3DA-4DD1-BB09-1AAAE12BEEEA}.Release|x64.ActiveCfg = Release|Any CPU
		{201619C4-D3DA-4DD1-BB09-1AAAE12BEEEA}.Release|x64.Build.0 = Release|Any CPU
		{201619C4-D3DA-4DD1-BB09-1AAAE12BEEEA}.Release|x86.ActiveCfg = Release|Any CPU
		{201619C4-D3DA-4DD1-BB09-1AAAE12BEEEA}.Release|x86.Build.0 = Release|Any CPU
		{54EF881A-5A95-4013-BC24-717674F3649A}.Debug|Any CPU.ActiveCfg = Debug|Any CPU
		{54EF881A-5A95-4013-BC24-717674F3649A}.Debug|Any CPU.Build.0 = Debug|Any CPU
		{54EF881A-5A95-4013-BC24-717674F3649A}.Debug|x64.ActiveCfg = Debug|Any CPU
		{54EF881A-5A95-4013-BC24-717674F3649A}.Debug|x64.Build.0 = Debug|Any CPU
		{54EF881A-5A95-4013-BC24-717674F3649A}.Debug|x86.ActiveCfg = Debug|Any CPU
		{54EF881A-5A95-4013-BC24-717674F3649A}.Debug|x86.Build.0 = Debug|Any CPU
		{54EF881A-5A95-4013-BC24-717674F3649A}.Release|Any CPU.ActiveCfg = Release|Any CPU
		{54EF881A-5A95-4013-BC24-717674F3649A}.Release|Any CPU.Build.0 = Release|Any CPU
		{54EF881A-5A95-4013-BC24-717674F3649A}.Release|x64.ActiveCfg = Release|Any CPU
		{54EF881A-5A95-4013-BC24-717674F3649A}.Release|x64.Build.0 = Release|Any CPU
		{54EF881A-5A95-4013-BC24-717674F3649A}.Release|x86.ActiveCfg = Release|Any CPU
		{54EF881A-5A95-4013-BC24-717674F3649A}.Release|x86.Build.0 = Release|Any CPU
		{A5228325-9E48-416B-AEF1-A7DE756BF4C5}.Debug|Any CPU.ActiveCfg = Debug|Any CPU
		{A5228325-9E48-416B-AEF1-A7DE756BF4C5}.Debug|Any CPU.Build.0 = Debug|Any CPU
		{A5228325-9E48-416B-AEF1-A7DE756BF4C5}.Debug|x64.ActiveCfg = Debug|Any CPU
		{A5228325-9E48-416B-AEF1-A7DE756BF4C5}.Debug|x64.Build.0 = Debug|Any CPU
		{A5228325-9E48-416B-AEF1-A7DE756BF4C5}.Debug|x86.ActiveCfg = Debug|Any CPU
		{A5228325-9E48-416B-AEF1-A7DE756BF4C5}.Debug|x86.Build.0 = Debug|Any CPU
		{A5228325-9E48-416B-AEF1-A7DE756BF4C5}.Release|Any CPU.ActiveCfg = Release|Any CPU
		{A5228325-9E48-416B-AEF1-A7DE756BF4C5}.Release|Any CPU.Build.0 = Release|Any CPU
		{A5228325-9E48-416B-AEF1-A7DE756BF4C5}.Release|x64.ActiveCfg = Release|Any CPU
		{A5228325-9E48-416B-AEF1-A7DE756BF4C5}.Release|x64.Build.0 = Release|Any CPU
		{A5228325-9E48-416B-AEF1-A7DE756BF4C5}.Release|x86.ActiveCfg = Release|Any CPU
		{A5228325-9E48-416B-AEF1-A7DE756BF4C5}.Release|x86.Build.0 = Release|Any CPU
		{E5C9BBB7-8C77-41FD-B4E8-7219B9844A15}.Debug|Any CPU.ActiveCfg = Debug|Any CPU
		{E5C9BBB7-8C77-41FD-B4E8-7219B9844A15}.Debug|Any CPU.Build.0 = Debug|Any CPU
		{E5C9BBB7-8C77-41FD-B4E8-7219B9844A15}.Debug|x64.ActiveCfg = Debug|Any CPU
		{E5C9BBB7-8C77-41FD-B4E8-7219B9844A15}.Debug|x64.Build.0 = Debug|Any CPU
		{E5C9BBB7-8C77-41FD-B4E8-7219B9844A15}.Debug|x86.ActiveCfg = Debug|Any CPU
		{E5C9BBB7-8C77-41FD-B4E8-7219B9844A15}.Debug|x86.Build.0 = Debug|Any CPU
		{E5C9BBB7-8C77-41FD-B4E8-7219B9844A15}.Release|Any CPU.ActiveCfg = Release|Any CPU
		{E5C9BBB7-8C77-41FD-B4E8-7219B9844A15}.Release|Any CPU.Build.0 = Release|Any CPU
		{E5C9BBB7-8C77-41FD-B4E8-7219B9844A15}.Release|x64.ActiveCfg = Release|Any CPU
		{E5C9BBB7-8C77-41FD-B4E8-7219B9844A15}.Release|x64.Build.0 = Release|Any CPU
		{E5C9BBB7-8C77-41FD-B4E8-7219B9844A15}.Release|x86.ActiveCfg = Release|Any CPU
		{E5C9BBB7-8C77-41FD-B4E8-7219B9844A15}.Release|x86.Build.0 = Release|Any CPU
	EndGlobalSection
	GlobalSection(SolutionProperties) = preSolution
		HideSolutionNode = FALSE
	EndGlobalSection
	GlobalSection(ExtensibilityGlobals) = postSolution
		SolutionGuid = {7F2F289A-1A45-4AC2-B865-807DBEB8D2A3}
	EndGlobalSection
EndGlobal
